// !$*UTF8*$!
{
	archiveVersion = 1;
	classes = {
	};
	objectVersion = 55;
	objects = {

/* Begin PBXBuildFile section */
		220294322739C1FE0032B9D1 /* MessagesProvider.swift in Sources */ = {isa = PBXBuildFile; fileRef = 220294312739C1FE0032B9D1 /* MessagesProvider.swift */; };
		22029434273B461C0032B9D1 /* DataSourceChange.swift in Sources */ = {isa = PBXBuildFile; fileRef = 22029433273B461C0032B9D1 /* DataSourceChange.swift */; };
		22029437273B5D330032B9D1 /* Message+Codable.swift in Sources */ = {isa = PBXBuildFile; fileRef = 22029436273B5D330032B9D1 /* Message+Codable.swift */; };
		22029439273B5DC00032B9D1 /* Conversation+Codable.swift in Sources */ = {isa = PBXBuildFile; fileRef = 22029438273B5DC00032B9D1 /* Conversation+Codable.swift */; };
		221729EE270D94040022D174 /* MessageViewModel.swift in Sources */ = {isa = PBXBuildFile; fileRef = 221729ED270D94040022D174 /* MessageViewModel.swift */; };
		2218B89C273DC00500731C56 /* DIContainer.swift in Sources */ = {isa = PBXBuildFile; fileRef = 2218B89B273DC00500731C56 /* DIContainer.swift */; };
		2218B8A1273DCE4000731C56 /* ConversationsModuleAssembler.swift in Sources */ = {isa = PBXBuildFile; fileRef = 2218B8A0273DCE4000731C56 /* ConversationsModuleAssembler.swift */; };
		2218B8A5273EF8DE00731C56 /* AppAssembler.swift in Sources */ = {isa = PBXBuildFile; fileRef = 2218B8A4273EF8DE00731C56 /* AppAssembler.swift */; };
		2218B8A7273EF96300731C56 /* CoreAssembler.swift in Sources */ = {isa = PBXBuildFile; fileRef = 2218B8A6273EF96300731C56 /* CoreAssembler.swift */; };
		2218B8AB273F0B3900731C56 /* DMModuleAssembler.swift in Sources */ = {isa = PBXBuildFile; fileRef = 2218B8AA273F0B3900731C56 /* DMModuleAssembler.swift */; };
		2218B8AD273F3A8900731C56 /* ProfileModuleAssembler.swift in Sources */ = {isa = PBXBuildFile; fileRef = 2218B8AC273F3A8900731C56 /* ProfileModuleAssembler.swift */; };
		2218B8AF273F3FAF00731C56 /* ThemesModuleAssembler.swift in Sources */ = {isa = PBXBuildFile; fileRef = 2218B8AE273F3FAF00731C56 /* ThemesModuleAssembler.swift */; };
		22210D8327245C77005ED4B6 /* Constants.swift in Sources */ = {isa = PBXBuildFile; fileRef = 22210D8227245C77005ED4B6 /* Constants.swift */; };
		22210D85272485AA005ED4B6 /* UIButton+setBackgroundForState.swift in Sources */ = {isa = PBXBuildFile; fileRef = 22210D84272485AA005ED4B6 /* UIButton+setBackgroundForState.swift */; };
		222A55B3270C06C10047CA24 /* Conversation.swift in Sources */ = {isa = PBXBuildFile; fileRef = 222A55B2270C06C10047CA24 /* Conversation.swift */; };
		222A55B6270C0FA90047CA24 /* Date+Formatting.swift in Sources */ = {isa = PBXBuildFile; fileRef = 222A55B5270C0FA90047CA24 /* Date+Formatting.swift */; };
		2247F96F2712A4F800BFFC69 /* R.generated.swift in Sources */ = {isa = PBXBuildFile; fileRef = 2247F96E2712A4F800BFFC69 /* R.generated.swift */; };
		225D00FB27323C7E00C12BB4 /* CSModelUpdateLog.swift in Sources */ = {isa = PBXBuildFile; fileRef = 225D00FA27323C7E00C12BB4 /* CSModelUpdateLog.swift */; };
		225D010A27324B1F00C12BB4 /* CoreDataManager.swift in Sources */ = {isa = PBXBuildFile; fileRef = 225D00FF27324B1F00C12BB4 /* CoreDataManager.swift */; };
		225D010C27324B2000C12BB4 /* CDInsertable.swift in Sources */ = {isa = PBXBuildFile; fileRef = 225D010327324B1F00C12BB4 /* CDInsertable.swift */; };
		225D010D27324B2000C12BB4 /* CDRemovable.swift in Sources */ = {isa = PBXBuildFile; fileRef = 225D010427324B1F00C12BB4 /* CDRemovable.swift */; };
		225D010E27324B2000C12BB4 /* CDFetchable.swift in Sources */ = {isa = PBXBuildFile; fileRef = 225D010527324B1F00C12BB4 /* CDFetchable.swift */; };
		225D010F27324B2000C12BB4 /* CDUpdatable.swift in Sources */ = {isa = PBXBuildFile; fileRef = 225D010627324B1F00C12BB4 /* CDUpdatable.swift */; };
		225D011027324B2000C12BB4 /* CDOperatableBase.swift in Sources */ = {isa = PBXBuildFile; fileRef = 225D010727324B1F00C12BB4 /* CDOperatableBase.swift */; };
		225D011127324B2000C12BB4 /* CoreDataStack.swift in Sources */ = {isa = PBXBuildFile; fileRef = 225D010827324B1F00C12BB4 /* CoreDataStack.swift */; };
		225D011227324B2000C12BB4 /* CDWorker.swift in Sources */ = {isa = PBXBuildFile; fileRef = 225D010927324B1F00C12BB4 /* CDWorker.swift */; };
		225D011627324BF600C12BB4 /* DBMessage+CoreDataProperties.swift in Sources */ = {isa = PBXBuildFile; fileRef = 225D011427324BF600C12BB4 /* DBMessage+CoreDataProperties.swift */; };
		225D011727324BF600C12BB4 /* DBMessage+CoreDataClass.swift in Sources */ = {isa = PBXBuildFile; fileRef = 225D011527324BF600C12BB4 /* DBMessage+CoreDataClass.swift */; };
		225D011A27324E2500C12BB4 /* ChatAppDataModel.xcdatamodeld in Sources */ = {isa = PBXBuildFile; fileRef = 225D010027324B1F00C12BB4 /* ChatAppDataModel.xcdatamodeld */; };
		225D011E2737F8B600C12BB4 /* ConversationsProvider.swift in Sources */ = {isa = PBXBuildFile; fileRef = 225D011D2737F8B600C12BB4 /* ConversationsProvider.swift */; };
		225D01262739B29B00C12BB4 /* NSManagedObjectContext+obtainPermanentIDs.swift in Sources */ = {isa = PBXBuildFile; fileRef = 225D01252739B29A00C12BB4 /* NSManagedObjectContext+obtainPermanentIDs.swift */; };
		225D6184271A8D9A00A5D678 /* FileManagerProtocols.swift in Sources */ = {isa = PBXBuildFile; fileRef = 225D6183271A8D9A00A5D678 /* FileManagerProtocols.swift */; };
		225D6186271D66B500A5D678 /* AsyncOperation.swift in Sources */ = {isa = PBXBuildFile; fileRef = 225D6185271D66B500A5D678 /* AsyncOperation.swift */; };
		225D618A271D850F00A5D678 /* GCDFileManager.swift in Sources */ = {isa = PBXBuildFile; fileRef = 225D6189271D850F00A5D678 /* GCDFileManager.swift */; };
		225D618C271D8B4500A5D678 /* FileReadOperation.swift in Sources */ = {isa = PBXBuildFile; fileRef = 225D618B271D8B4500A5D678 /* FileReadOperation.swift */; };
		225D618E271D8F2700A5D678 /* FileWriteOperation.swift in Sources */ = {isa = PBXBuildFile; fileRef = 225D618D271D8F2700A5D678 /* FileWriteOperation.swift */; };
		22765EA6272C66D700AD0F15 /* FMOperatableBase.swift in Sources */ = {isa = PBXBuildFile; fileRef = 22765EA5272C66D700AD0F15 /* FMOperatableBase.swift */; };
		22765EA9272C695100AD0F15 /* FileExtensions.swift in Sources */ = {isa = PBXBuildFile; fileRef = 22765EA8272C695100AD0F15 /* FileExtensions.swift */; };
		22765EAC272C6A5500AD0F15 /* FileManagerPreferences.swift in Sources */ = {isa = PBXBuildFile; fileRef = 22765EAB272C6A5500AD0F15 /* FileManagerPreferences.swift */; };
		22765EAF272C6C6F00AD0F15 /* DataFetchable.swift in Sources */ = {isa = PBXBuildFile; fileRef = 22765EAE272C6C6F00AD0F15 /* DataFetchable.swift */; };
		22765EB1272C6D6100AD0F15 /* DataRemovable.swift in Sources */ = {isa = PBXBuildFile; fileRef = 22765EB0272C6D6100AD0F15 /* DataRemovable.swift */; };
		22765EB3272C6EC800AD0F15 /* FromDataConvertable.swift in Sources */ = {isa = PBXBuildFile; fileRef = 22765EB2272C6EC800AD0F15 /* FromDataConvertable.swift */; };
		22765EB5272C6F4200AD0F15 /* ToDataConvertable.swift in Sources */ = {isa = PBXBuildFile; fileRef = 22765EB4272C6F4200AD0F15 /* ToDataConvertable.swift */; };
		22765EB7272C732C00AD0F15 /* FMStringOperatable.swift in Sources */ = {isa = PBXBuildFile; fileRef = 22765EB6272C732C00AD0F15 /* FMStringOperatable.swift */; };
		22765EB9272C737400AD0F15 /* FMImageOperatable.swift in Sources */ = {isa = PBXBuildFile; fileRef = 22765EB8272C737400AD0F15 /* FMImageOperatable.swift */; };
		22765EBB272C769900AD0F15 /* FMModelOperatable.swift in Sources */ = {isa = PBXBuildFile; fileRef = 22765EBA272C769900AD0F15 /* FMModelOperatable.swift */; };
		22765EBD272C787B00AD0F15 /* FMRemoveSupportable.swift in Sources */ = {isa = PBXBuildFile; fileRef = 22765EBC272C787B00AD0F15 /* FMRemoveSupportable.swift */; };
		22765ECE27306B8500AD0F15 /* FirestoreManager.swift in Sources */ = {isa = PBXBuildFile; fileRef = 22765ECD27306B8400AD0F15 /* FirestoreManager.swift */; };
		22765ED12730809500AD0F15 /* CloudStoreSubscribable.swift in Sources */ = {isa = PBXBuildFile; fileRef = 22765ED02730809500AD0F15 /* CloudStoreSubscribable.swift */; };
		22765ED3273080C900AD0F15 /* CloudStoreAddable.swift in Sources */ = {isa = PBXBuildFile; fileRef = 22765ED2273080C900AD0F15 /* CloudStoreAddable.swift */; };
		22765ED5273080DC00AD0F15 /* CloudStoreRemovable.swift in Sources */ = {isa = PBXBuildFile; fileRef = 22765ED4273080DC00AD0F15 /* CloudStoreRemovable.swift */; };
		22765ED7273080FE00AD0F15 /* CloudStoreUpdatable.swift in Sources */ = {isa = PBXBuildFile; fileRef = 22765ED6273080FE00AD0F15 /* CloudStoreUpdatable.swift */; };
		22765ED9273082FE00AD0F15 /* DynamicModelBasedCloudStore.swift in Sources */ = {isa = PBXBuildFile; fileRef = 22765ED8273082FE00AD0F15 /* DynamicModelBasedCloudStore.swift */; };
		227E17E82730AFAD004D5529 /* DateFormatter+shared.swift in Sources */ = {isa = PBXBuildFile; fileRef = 227E17E72730AFAD004D5529 /* DateFormatter+shared.swift */; };
		227E18092730D0BF004D5529 /* DBChannel+CoreDataClass.swift in Sources */ = {isa = PBXBuildFile; fileRef = 227E18072730D0BF004D5529 /* DBChannel+CoreDataClass.swift */; };
		227E180A2730D0BF004D5529 /* DBChannel+CoreDataProperties.swift in Sources */ = {isa = PBXBuildFile; fileRef = 227E18082730D0BF004D5529 /* DBChannel+CoreDataProperties.swift */; };
		227E180C2730D306004D5529 /* CoreDataError.swift in Sources */ = {isa = PBXBuildFile; fileRef = 227E180B2730D306004D5529 /* CoreDataError.swift */; };
		2286F4DC270EF27700ED809E /* Message.swift in Sources */ = {isa = PBXBuildFile; fileRef = 2286F4DB270EF27700ED809E /* Message.swift */; };
		2286F4E3270F064600ED809E /* Protocols.swift in Sources */ = {isa = PBXBuildFile; fileRef = 2286F4E2270F064600ED809E /* Protocols.swift */; };
		2286F4E7270F7FFA00ED809E /* UIImage+Resize.swift in Sources */ = {isa = PBXBuildFile; fileRef = 2286F4E6270F7FFA00ED809E /* UIImage+Resize.swift */; };
		2286F4E9270F842800ED809E /* UITableView+ScrollToBottom.swift in Sources */ = {isa = PBXBuildFile; fileRef = 2286F4E8270F842800ED809E /* UITableView+ScrollToBottom.swift */; };
		22B50F7726FB01810099436A /* Log.swift in Sources */ = {isa = PBXBuildFile; fileRef = 22B50F7626FB01810099436A /* Log.swift */; };
		22C44A312726BE2E003D106C /* InAppNotificationView.swift in Sources */ = {isa = PBXBuildFile; fileRef = 22C44A302726BE2E003D106C /* InAppNotificationView.swift */; };
		22C44A3E2726FF4D003D106C /* ConversationsRepository.swift in Sources */ = {isa = PBXBuildFile; fileRef = 22C44A3D2726FF4D003D106C /* ConversationsRepository.swift */; };
		22C71C11271EE8C8005C4466 /* AsyncResultOperation.swift in Sources */ = {isa = PBXBuildFile; fileRef = 22C71C10271EE8C8005C4466 /* AsyncResultOperation.swift */; };
		22C71C13271EEEDA005C4466 /* AsyncFileManagerProtocols.swift in Sources */ = {isa = PBXBuildFile; fileRef = 22C71C12271EEEDA005C4466 /* AsyncFileManagerProtocols.swift */; };
		22C71C1A271F047E005C4466 /* DataSaveable.swift in Sources */ = {isa = PBXBuildFile; fileRef = 22C71C19271F047E005C4466 /* DataSaveable.swift */; };
		22C71C2027201763005C4466 /* DynamicPreservable.swift in Sources */ = {isa = PBXBuildFile; fileRef = 22C71C1F27201763005C4466 /* DynamicPreservable.swift */; };
		22C71C222720921A005C4466 /* InAppNotificationBanner.swift in Sources */ = {isa = PBXBuildFile; fileRef = 22C71C2127209219005C4466 /* InAppNotificationBanner.swift */; };
		22C71C2727219C02005C4466 /* InAppNotificationViewModel.swift in Sources */ = {isa = PBXBuildFile; fileRef = 22C71C2627219C02005C4466 /* InAppNotificationViewModel.swift */; };
		22C71C2B2721D04C005C4466 /* GoogleService-Info.plist in Resources */ = {isa = PBXBuildFile; fileRef = 22C71C2A2721D04C005C4466 /* GoogleService-Info.plist */; };
		22CC53B926FAC8220036F6F9 /* AppDelegate.swift in Sources */ = {isa = PBXBuildFile; fileRef = 22CC53B826FAC8220036F6F9 /* AppDelegate.swift */; };
		22CC53BB26FAC8220036F6F9 /* SceneDelegate.swift in Sources */ = {isa = PBXBuildFile; fileRef = 22CC53BA26FAC8220036F6F9 /* SceneDelegate.swift */; };
		22CC53BD26FAC8220036F6F9 /* ConversationsViewController.swift in Sources */ = {isa = PBXBuildFile; fileRef = 22CC53BC26FAC8220036F6F9 /* ConversationsViewController.swift */; };
		22CC53C226FAC8260036F6F9 /* Assets.xcassets in Resources */ = {isa = PBXBuildFile; fileRef = 22CC53C126FAC8260036F6F9 /* Assets.xcassets */; };
		22CC53C526FAC8260036F6F9 /* LaunchScreen.storyboard in Resources */ = {isa = PBXBuildFile; fileRef = 22CC53C326FAC8260036F6F9 /* LaunchScreen.storyboard */; };
		22D104B22704A12C006CF686 /* ProfileView.swift in Sources */ = {isa = PBXBuildFile; fileRef = 22D104B12704A12C006CF686 /* ProfileView.swift */; };
		22D104B72704D55E006CF686 /* BlurredView.swift in Sources */ = {isa = PBXBuildFile; fileRef = 22D104B62704D55E006CF686 /* BlurredView.swift */; };
		22D104BD2704DCDA006CF686 /* UIImageView+Placeholders.swift in Sources */ = {isa = PBXBuildFile; fileRef = 22D104BC2704DCDA006CF686 /* UIImageView+Placeholders.swift */; };
		22D104C4270529D1006CF686 /* ImagePickerManager.swift in Sources */ = {isa = PBXBuildFile; fileRef = 22D104C3270529D1006CF686 /* ImagePickerManager.swift */; };
		22D104C6270535D3006CF686 /* Dynamic.swift in Sources */ = {isa = PBXBuildFile; fileRef = 22D104C5270535D3006CF686 /* Dynamic.swift */; };
		22E69D182701D9A4009CAAC0 /* Router.swift in Sources */ = {isa = PBXBuildFile; fileRef = 22E69D172701D9A4009CAAC0 /* Router.swift */; };
		22E69D202701DACA009CAAC0 /* ConversationsViewModel.swift in Sources */ = {isa = PBXBuildFile; fileRef = 22E69D1F2701DACA009CAAC0 /* ConversationsViewModel.swift */; };
		22E69D232701E0AD009CAAC0 /* DMViewController.swift in Sources */ = {isa = PBXBuildFile; fileRef = 22E69D222701E0AD009CAAC0 /* DMViewController.swift */; };
		22E69D252701E0B7009CAAC0 /* DMViewModel.swift in Sources */ = {isa = PBXBuildFile; fileRef = 22E69D242701E0B7009CAAC0 /* DMViewModel.swift */; };
		22E69D2A2701E0E8009CAAC0 /* ProfileViewController.swift in Sources */ = {isa = PBXBuildFile; fileRef = 22E69D292701E0E8009CAAC0 /* ProfileViewController.swift */; };
		22E69D2C2701E0EF009CAAC0 /* ProfileViewModel.swift in Sources */ = {isa = PBXBuildFile; fileRef = 22E69D2B2701E0EF009CAAC0 /* ProfileViewModel.swift */; };
		22E69D332701E2C1009CAAC0 /* ConversationCell.swift in Sources */ = {isa = PBXBuildFile; fileRef = 22E69D322701E2C1009CAAC0 /* ConversationCell.swift */; };
		22E69D352701E2D8009CAAC0 /* ConversationCellViewModel.swift in Sources */ = {isa = PBXBuildFile; fileRef = 22E69D342701E2D8009CAAC0 /* ConversationCellViewModel.swift */; };
		22FEEA2327275BF4003C8B62 /* NewConversationView.swift in Sources */ = {isa = PBXBuildFile; fileRef = 22FEEA2227275BF4003C8B62 /* NewConversationView.swift */; };
		22FEEA2527284AFF003C8B62 /* String+containsLetters.swift in Sources */ = {isa = PBXBuildFile; fileRef = 22FEEA2427284AFF003C8B62 /* String+containsLetters.swift */; };
		22FEEA2A272995DC003C8B62 /* FirestoreError.swift in Sources */ = {isa = PBXBuildFile; fileRef = 22FEEA29272995DC003C8B62 /* FirestoreError.swift */; };
		22FEEA2E2729C089003C8B62 /* DMRepository.swift in Sources */ = {isa = PBXBuildFile; fileRef = 22FEEA2D2729C089003C8B62 /* DMRepository.swift */; };
		22FEEA312729CBF0003C8B62 /* TitleViewWithImage.swift in Sources */ = {isa = PBXBuildFile; fileRef = 22FEEA302729CBF0003C8B62 /* TitleViewWithImage.swift */; };
		22FEEA42272AEFB9003C8B62 /* MessageCell.swift in Sources */ = {isa = PBXBuildFile; fileRef = 22FEEA41272AEFB9003C8B62 /* MessageCell.swift */; };
		22FEEA46272B4F2C003C8B62 /* OperationFileManager.swift in Sources */ = {isa = PBXBuildFile; fileRef = 22FEEA45272B4F2C003C8B62 /* OperationFileManager.swift */; };
		22FEEA48272B5354003C8B62 /* CodingError.swift in Sources */ = {isa = PBXBuildFile; fileRef = 22FEEA47272B5354003C8B62 /* CodingError.swift */; };
		22FEEA4B272B551C003C8B62 /* ProfileRepository.swift in Sources */ = {isa = PBXBuildFile; fileRef = 22FEEA4A272B551C003C8B62 /* ProfileRepository.swift */; };
		22FEEA4E272B5782003C8B62 /* User.swift in Sources */ = {isa = PBXBuildFile; fileRef = 22FEEA4D272B5782003C8B62 /* User.swift */; };
		22FFB21727149A7F001884BA /* Theme.swift in Sources */ = {isa = PBXBuildFile; fileRef = 22FFB21627149A7E001884BA /* Theme.swift */; };
		22FFB21927149A97001884BA /* ThemesViewController.swift in Sources */ = {isa = PBXBuildFile; fileRef = 22FFB21827149A97001884BA /* ThemesViewController.swift */; };
		22FFB21B27149AA6001884BA /* ThemesViewModel.swift in Sources */ = {isa = PBXBuildFile; fileRef = 22FFB21A27149AA6001884BA /* ThemesViewModel.swift */; };
		22FFB21F2714BE9E001884BA /* ThemesView.swift in Sources */ = {isa = PBXBuildFile; fileRef = 22FFB21E2714BE9E001884BA /* ThemesView.swift */; };
		22FFB22427160BEA001884BA /* UIColor+contrastingColor.swift in Sources */ = {isa = PBXBuildFile; fileRef = 22FFB22327160BEA001884BA /* UIColor+contrastingColor.swift */; };
		22FFB22627160E76001884BA /* UIColor+isLight.swift in Sources */ = {isa = PBXBuildFile; fileRef = 22FFB22527160E76001884BA /* UIColor+isLight.swift */; };
		22FFB22827162245001884BA /* StoredProperty.swift in Sources */ = {isa = PBXBuildFile; fileRef = 22FFB22727162245001884BA /* StoredProperty.swift */; };
		22FFB22A2716550B001884BA /* UIColor+makeColorLigherDarker.swift in Sources */ = {isa = PBXBuildFile; fileRef = 22FFB2292716550B001884BA /* UIColor+makeColorLigherDarker.swift */; };
		22FFB22D27165C47001884BA /* ThemeSettings.swift in Sources */ = {isa = PBXBuildFile; fileRef = 22FFB22C27165C47001884BA /* ThemeSettings.swift */; };
		22FFB22F2716845D001884BA /* ThemeManager.swift in Sources */ = {isa = PBXBuildFile; fileRef = 22FFB22E2716845D001884BA /* ThemeManager.swift */; };
		22FFB2352716963F001884BA /* ThemesViewControllerObjc.m in Sources */ = {isa = PBXBuildFile; fileRef = 22FFB2342716963F001884BA /* ThemesViewControllerObjc.m */; };
		22FFB23B2716AE4B001884BA /* ThemeObjcModel.m in Sources */ = {isa = PBXBuildFile; fileRef = 22FFB23A2716AE4B001884BA /* ThemeObjcModel.m */; };
		22FFB23D2716C0C4001884BA /* ThemesViewControllerObjc.storyboard in Resources */ = {isa = PBXBuildFile; fileRef = 22FFB23C2716C0C4001884BA /* ThemesViewControllerObjc.storyboard */; };
		6AB9E66E2FE3AEB3F44AE343 /* Pods_ChatApp.framework in Frameworks */ = {isa = PBXBuildFile; fileRef = 02B3F92A3AD20A17B61C1BF3 /* Pods_ChatApp.framework */; };
/* End PBXBuildFile section */

/* Begin PBXFileReference section */
		02B3F92A3AD20A17B61C1BF3 /* Pods_ChatApp.framework */ = {isa = PBXFileReference; explicitFileType = wrapper.framework; includeInIndex = 0; path = Pods_ChatApp.framework; sourceTree = BUILT_PRODUCTS_DIR; };
		220294312739C1FE0032B9D1 /* MessagesProvider.swift */ = {isa = PBXFileReference; lastKnownFileType = sourcecode.swift; path = MessagesProvider.swift; sourceTree = "<group>"; };
		22029433273B461C0032B9D1 /* DataSourceChange.swift */ = {isa = PBXFileReference; lastKnownFileType = sourcecode.swift; path = DataSourceChange.swift; sourceTree = "<group>"; };
		22029436273B5D330032B9D1 /* Message+Codable.swift */ = {isa = PBXFileReference; lastKnownFileType = sourcecode.swift; path = "Message+Codable.swift"; sourceTree = "<group>"; };
		22029438273B5DC00032B9D1 /* Conversation+Codable.swift */ = {isa = PBXFileReference; lastKnownFileType = sourcecode.swift; path = "Conversation+Codable.swift"; sourceTree = "<group>"; };
		221729ED270D94040022D174 /* MessageViewModel.swift */ = {isa = PBXFileReference; lastKnownFileType = sourcecode.swift; path = MessageViewModel.swift; sourceTree = "<group>"; };
		2218B89B273DC00500731C56 /* DIContainer.swift */ = {isa = PBXFileReference; lastKnownFileType = sourcecode.swift; path = DIContainer.swift; sourceTree = "<group>"; };
		2218B8A0273DCE4000731C56 /* ConversationsModuleAssembler.swift */ = {isa = PBXFileReference; lastKnownFileType = sourcecode.swift; path = ConversationsModuleAssembler.swift; sourceTree = "<group>"; };
		2218B8A4273EF8DE00731C56 /* AppAssembler.swift */ = {isa = PBXFileReference; lastKnownFileType = sourcecode.swift; path = AppAssembler.swift; sourceTree = "<group>"; };
		2218B8A6273EF96300731C56 /* CoreAssembler.swift */ = {isa = PBXFileReference; lastKnownFileType = sourcecode.swift; path = CoreAssembler.swift; sourceTree = "<group>"; };
		2218B8AA273F0B3900731C56 /* DMModuleAssembler.swift */ = {isa = PBXFileReference; lastKnownFileType = sourcecode.swift; path = DMModuleAssembler.swift; sourceTree = "<group>"; };
		2218B8AC273F3A8900731C56 /* ProfileModuleAssembler.swift */ = {isa = PBXFileReference; lastKnownFileType = sourcecode.swift; path = ProfileModuleAssembler.swift; sourceTree = "<group>"; };
		2218B8AE273F3FAF00731C56 /* ThemesModuleAssembler.swift */ = {isa = PBXFileReference; lastKnownFileType = sourcecode.swift; path = ThemesModuleAssembler.swift; sourceTree = "<group>"; };
		22210D8227245C77005ED4B6 /* Constants.swift */ = {isa = PBXFileReference; lastKnownFileType = sourcecode.swift; path = Constants.swift; sourceTree = "<group>"; };
		22210D84272485AA005ED4B6 /* UIButton+setBackgroundForState.swift */ = {isa = PBXFileReference; lastKnownFileType = sourcecode.swift; path = "UIButton+setBackgroundForState.swift"; sourceTree = "<group>"; };
		222A55B2270C06C10047CA24 /* Conversation.swift */ = {isa = PBXFileReference; lastKnownFileType = sourcecode.swift; path = Conversation.swift; sourceTree = "<group>"; };
		222A55B5270C0FA90047CA24 /* Date+Formatting.swift */ = {isa = PBXFileReference; lastKnownFileType = sourcecode.swift; path = "Date+Formatting.swift"; sourceTree = "<group>"; };
		2247F96E2712A4F800BFFC69 /* R.generated.swift */ = {isa = PBXFileReference; fileEncoding = 4; lastKnownFileType = sourcecode.swift; path = R.generated.swift; sourceTree = SOURCE_ROOT; };
		225D00FA27323C7E00C12BB4 /* CSModelUpdateLog.swift */ = {isa = PBXFileReference; lastKnownFileType = sourcecode.swift; path = CSModelUpdateLog.swift; sourceTree = "<group>"; };
		225D00FF27324B1F00C12BB4 /* CoreDataManager.swift */ = {isa = PBXFileReference; fileEncoding = 4; lastKnownFileType = sourcecode.swift; path = CoreDataManager.swift; sourceTree = "<group>"; };
		225D010127324B1F00C12BB4 /* ChatAppDataModel.xcdatamodel */ = {isa = PBXFileReference; lastKnownFileType = wrapper.xcdatamodel; path = ChatAppDataModel.xcdatamodel; sourceTree = "<group>"; };
		225D010327324B1F00C12BB4 /* CDInsertable.swift */ = {isa = PBXFileReference; fileEncoding = 4; lastKnownFileType = sourcecode.swift; path = CDInsertable.swift; sourceTree = "<group>"; };
		225D010427324B1F00C12BB4 /* CDRemovable.swift */ = {isa = PBXFileReference; fileEncoding = 4; lastKnownFileType = sourcecode.swift; path = CDRemovable.swift; sourceTree = "<group>"; };
		225D010527324B1F00C12BB4 /* CDFetchable.swift */ = {isa = PBXFileReference; fileEncoding = 4; lastKnownFileType = sourcecode.swift; path = CDFetchable.swift; sourceTree = "<group>"; };
		225D010627324B1F00C12BB4 /* CDUpdatable.swift */ = {isa = PBXFileReference; fileEncoding = 4; lastKnownFileType = sourcecode.swift; path = CDUpdatable.swift; sourceTree = "<group>"; };
		225D010727324B1F00C12BB4 /* CDOperatableBase.swift */ = {isa = PBXFileReference; fileEncoding = 4; lastKnownFileType = sourcecode.swift; path = CDOperatableBase.swift; sourceTree = "<group>"; };
		225D010827324B1F00C12BB4 /* CoreDataStack.swift */ = {isa = PBXFileReference; fileEncoding = 4; lastKnownFileType = sourcecode.swift; path = CoreDataStack.swift; sourceTree = "<group>"; };
		225D010927324B1F00C12BB4 /* CDWorker.swift */ = {isa = PBXFileReference; fileEncoding = 4; lastKnownFileType = sourcecode.swift; path = CDWorker.swift; sourceTree = "<group>"; };
		225D011427324BF600C12BB4 /* DBMessage+CoreDataProperties.swift */ = {isa = PBXFileReference; fileEncoding = 4; lastKnownFileType = sourcecode.swift; path = "DBMessage+CoreDataProperties.swift"; sourceTree = "<group>"; };
		225D011527324BF600C12BB4 /* DBMessage+CoreDataClass.swift */ = {isa = PBXFileReference; fileEncoding = 4; lastKnownFileType = sourcecode.swift; path = "DBMessage+CoreDataClass.swift"; sourceTree = "<group>"; };
		225D011D2737F8B600C12BB4 /* ConversationsProvider.swift */ = {isa = PBXFileReference; lastKnownFileType = sourcecode.swift; path = ConversationsProvider.swift; sourceTree = "<group>"; };
		225D01252739B29A00C12BB4 /* NSManagedObjectContext+obtainPermanentIDs.swift */ = {isa = PBXFileReference; lastKnownFileType = sourcecode.swift; path = "NSManagedObjectContext+obtainPermanentIDs.swift"; sourceTree = "<group>"; };
		225D6183271A8D9A00A5D678 /* FileManagerProtocols.swift */ = {isa = PBXFileReference; lastKnownFileType = sourcecode.swift; path = FileManagerProtocols.swift; sourceTree = "<group>"; };
		225D6185271D66B500A5D678 /* AsyncOperation.swift */ = {isa = PBXFileReference; lastKnownFileType = sourcecode.swift; path = AsyncOperation.swift; sourceTree = "<group>"; };
		225D6189271D850F00A5D678 /* GCDFileManager.swift */ = {isa = PBXFileReference; lastKnownFileType = sourcecode.swift; path = GCDFileManager.swift; sourceTree = "<group>"; };
		225D618B271D8B4500A5D678 /* FileReadOperation.swift */ = {isa = PBXFileReference; lastKnownFileType = sourcecode.swift; path = FileReadOperation.swift; sourceTree = "<group>"; };
		225D618D271D8F2700A5D678 /* FileWriteOperation.swift */ = {isa = PBXFileReference; lastKnownFileType = sourcecode.swift; path = FileWriteOperation.swift; sourceTree = "<group>"; };
		22765EA5272C66D700AD0F15 /* FMOperatableBase.swift */ = {isa = PBXFileReference; lastKnownFileType = sourcecode.swift; path = FMOperatableBase.swift; sourceTree = "<group>"; };
		22765EA8272C695100AD0F15 /* FileExtensions.swift */ = {isa = PBXFileReference; lastKnownFileType = sourcecode.swift; path = FileExtensions.swift; sourceTree = "<group>"; };
		22765EAB272C6A5500AD0F15 /* FileManagerPreferences.swift */ = {isa = PBXFileReference; lastKnownFileType = sourcecode.swift; path = FileManagerPreferences.swift; sourceTree = "<group>"; };
		22765EAE272C6C6F00AD0F15 /* DataFetchable.swift */ = {isa = PBXFileReference; lastKnownFileType = sourcecode.swift; path = DataFetchable.swift; sourceTree = "<group>"; };
		22765EB0272C6D6100AD0F15 /* DataRemovable.swift */ = {isa = PBXFileReference; lastKnownFileType = sourcecode.swift; path = DataRemovable.swift; sourceTree = "<group>"; };
		22765EB2272C6EC800AD0F15 /* FromDataConvertable.swift */ = {isa = PBXFileReference; lastKnownFileType = sourcecode.swift; path = FromDataConvertable.swift; sourceTree = "<group>"; };
		22765EB4272C6F4200AD0F15 /* ToDataConvertable.swift */ = {isa = PBXFileReference; lastKnownFileType = sourcecode.swift; path = ToDataConvertable.swift; sourceTree = "<group>"; };
		22765EB6272C732C00AD0F15 /* FMStringOperatable.swift */ = {isa = PBXFileReference; lastKnownFileType = sourcecode.swift; path = FMStringOperatable.swift; sourceTree = "<group>"; };
		22765EB8272C737400AD0F15 /* FMImageOperatable.swift */ = {isa = PBXFileReference; lastKnownFileType = sourcecode.swift; path = FMImageOperatable.swift; sourceTree = "<group>"; };
		22765EBA272C769900AD0F15 /* FMModelOperatable.swift */ = {isa = PBXFileReference; lastKnownFileType = sourcecode.swift; path = FMModelOperatable.swift; sourceTree = "<group>"; };
		22765EBC272C787B00AD0F15 /* FMRemoveSupportable.swift */ = {isa = PBXFileReference; lastKnownFileType = sourcecode.swift; path = FMRemoveSupportable.swift; sourceTree = "<group>"; };
		22765ECD27306B8400AD0F15 /* FirestoreManager.swift */ = {isa = PBXFileReference; lastKnownFileType = sourcecode.swift; path = FirestoreManager.swift; sourceTree = "<group>"; };
		22765ED02730809500AD0F15 /* CloudStoreSubscribable.swift */ = {isa = PBXFileReference; lastKnownFileType = sourcecode.swift; path = CloudStoreSubscribable.swift; sourceTree = "<group>"; };
		22765ED2273080C900AD0F15 /* CloudStoreAddable.swift */ = {isa = PBXFileReference; lastKnownFileType = sourcecode.swift; path = CloudStoreAddable.swift; sourceTree = "<group>"; };
		22765ED4273080DC00AD0F15 /* CloudStoreRemovable.swift */ = {isa = PBXFileReference; lastKnownFileType = sourcecode.swift; path = CloudStoreRemovable.swift; sourceTree = "<group>"; };
		22765ED6273080FE00AD0F15 /* CloudStoreUpdatable.swift */ = {isa = PBXFileReference; lastKnownFileType = sourcecode.swift; path = CloudStoreUpdatable.swift; sourceTree = "<group>"; };
		22765ED8273082FE00AD0F15 /* DynamicModelBasedCloudStore.swift */ = {isa = PBXFileReference; lastKnownFileType = sourcecode.swift; path = DynamicModelBasedCloudStore.swift; sourceTree = "<group>"; };
		227E17E72730AFAD004D5529 /* DateFormatter+shared.swift */ = {isa = PBXFileReference; lastKnownFileType = sourcecode.swift; path = "DateFormatter+shared.swift"; sourceTree = "<group>"; };
		227E18072730D0BF004D5529 /* DBChannel+CoreDataClass.swift */ = {isa = PBXFileReference; fileEncoding = 4; lastKnownFileType = sourcecode.swift; path = "DBChannel+CoreDataClass.swift"; sourceTree = "<group>"; };
		227E18082730D0BF004D5529 /* DBChannel+CoreDataProperties.swift */ = {isa = PBXFileReference; fileEncoding = 4; lastKnownFileType = sourcecode.swift; path = "DBChannel+CoreDataProperties.swift"; sourceTree = "<group>"; };
		227E180B2730D306004D5529 /* CoreDataError.swift */ = {isa = PBXFileReference; lastKnownFileType = sourcecode.swift; path = CoreDataError.swift; sourceTree = "<group>"; };
		2286F4DB270EF27700ED809E /* Message.swift */ = {isa = PBXFileReference; lastKnownFileType = sourcecode.swift; path = Message.swift; sourceTree = "<group>"; };
		2286F4E2270F064600ED809E /* Protocols.swift */ = {isa = PBXFileReference; lastKnownFileType = sourcecode.swift; path = Protocols.swift; sourceTree = "<group>"; };
		2286F4E6270F7FFA00ED809E /* UIImage+Resize.swift */ = {isa = PBXFileReference; lastKnownFileType = sourcecode.swift; path = "UIImage+Resize.swift"; sourceTree = "<group>"; };
		2286F4E8270F842800ED809E /* UITableView+ScrollToBottom.swift */ = {isa = PBXFileReference; lastKnownFileType = sourcecode.swift; path = "UITableView+ScrollToBottom.swift"; sourceTree = "<group>"; };
		22B50F7626FB01810099436A /* Log.swift */ = {isa = PBXFileReference; lastKnownFileType = sourcecode.swift; path = Log.swift; sourceTree = "<group>"; };
		22C44A302726BE2E003D106C /* InAppNotificationView.swift */ = {isa = PBXFileReference; lastKnownFileType = sourcecode.swift; path = InAppNotificationView.swift; sourceTree = "<group>"; };
		22C44A3D2726FF4D003D106C /* ConversationsRepository.swift */ = {isa = PBXFileReference; lastKnownFileType = sourcecode.swift; path = ConversationsRepository.swift; sourceTree = "<group>"; };
		22C71C10271EE8C8005C4466 /* AsyncResultOperation.swift */ = {isa = PBXFileReference; lastKnownFileType = sourcecode.swift; path = AsyncResultOperation.swift; sourceTree = "<group>"; };
		22C71C12271EEEDA005C4466 /* AsyncFileManagerProtocols.swift */ = {isa = PBXFileReference; lastKnownFileType = sourcecode.swift; path = AsyncFileManagerProtocols.swift; sourceTree = "<group>"; };
		22C71C19271F047E005C4466 /* DataSaveable.swift */ = {isa = PBXFileReference; lastKnownFileType = sourcecode.swift; path = DataSaveable.swift; sourceTree = "<group>"; };
		22C71C1F27201763005C4466 /* DynamicPreservable.swift */ = {isa = PBXFileReference; lastKnownFileType = sourcecode.swift; path = DynamicPreservable.swift; sourceTree = "<group>"; };
		22C71C2127209219005C4466 /* InAppNotificationBanner.swift */ = {isa = PBXFileReference; lastKnownFileType = sourcecode.swift; path = InAppNotificationBanner.swift; sourceTree = "<group>"; };
		22C71C2627219C02005C4466 /* InAppNotificationViewModel.swift */ = {isa = PBXFileReference; lastKnownFileType = sourcecode.swift; path = InAppNotificationViewModel.swift; sourceTree = "<group>"; };
		22C71C2A2721D04C005C4466 /* GoogleService-Info.plist */ = {isa = PBXFileReference; fileEncoding = 4; lastKnownFileType = text.plist.xml; path = "GoogleService-Info.plist"; sourceTree = "<group>"; };
		22CC53B526FAC8220036F6F9 /* ChatApp.app */ = {isa = PBXFileReference; explicitFileType = wrapper.application; includeInIndex = 0; path = ChatApp.app; sourceTree = BUILT_PRODUCTS_DIR; };
		22CC53B826FAC8220036F6F9 /* AppDelegate.swift */ = {isa = PBXFileReference; lastKnownFileType = sourcecode.swift; path = AppDelegate.swift; sourceTree = "<group>"; };
		22CC53BA26FAC8220036F6F9 /* SceneDelegate.swift */ = {isa = PBXFileReference; lastKnownFileType = sourcecode.swift; path = SceneDelegate.swift; sourceTree = "<group>"; };
		22CC53BC26FAC8220036F6F9 /* ConversationsViewController.swift */ = {isa = PBXFileReference; lastKnownFileType = sourcecode.swift; path = ConversationsViewController.swift; sourceTree = "<group>"; };
		22CC53C126FAC8260036F6F9 /* Assets.xcassets */ = {isa = PBXFileReference; lastKnownFileType = folder.assetcatalog; path = Assets.xcassets; sourceTree = "<group>"; };
		22CC53C426FAC8260036F6F9 /* Base */ = {isa = PBXFileReference; lastKnownFileType = file.storyboard; name = Base; path = Base.lproj/LaunchScreen.storyboard; sourceTree = "<group>"; };
		22CC53C626FAC8260036F6F9 /* Info.plist */ = {isa = PBXFileReference; lastKnownFileType = text.plist.xml; path = Info.plist; sourceTree = "<group>"; };
		22D104B12704A12C006CF686 /* ProfileView.swift */ = {isa = PBXFileReference; lastKnownFileType = sourcecode.swift; path = ProfileView.swift; sourceTree = "<group>"; };
		22D104B62704D55E006CF686 /* BlurredView.swift */ = {isa = PBXFileReference; lastKnownFileType = sourcecode.swift; path = BlurredView.swift; sourceTree = "<group>"; };
		22D104BC2704DCDA006CF686 /* UIImageView+Placeholders.swift */ = {isa = PBXFileReference; lastKnownFileType = sourcecode.swift; path = "UIImageView+Placeholders.swift"; sourceTree = "<group>"; };
		22D104C3270529D1006CF686 /* ImagePickerManager.swift */ = {isa = PBXFileReference; lastKnownFileType = sourcecode.swift; path = ImagePickerManager.swift; sourceTree = "<group>"; };
		22D104C5270535D3006CF686 /* Dynamic.swift */ = {isa = PBXFileReference; lastKnownFileType = sourcecode.swift; path = Dynamic.swift; sourceTree = "<group>"; };
		22E69D172701D9A4009CAAC0 /* Router.swift */ = {isa = PBXFileReference; lastKnownFileType = sourcecode.swift; path = Router.swift; sourceTree = "<group>"; };
		22E69D1F2701DACA009CAAC0 /* ConversationsViewModel.swift */ = {isa = PBXFileReference; lastKnownFileType = sourcecode.swift; path = ConversationsViewModel.swift; sourceTree = "<group>"; };
		22E69D222701E0AD009CAAC0 /* DMViewController.swift */ = {isa = PBXFileReference; lastKnownFileType = sourcecode.swift; path = DMViewController.swift; sourceTree = "<group>"; };
		22E69D242701E0B7009CAAC0 /* DMViewModel.swift */ = {isa = PBXFileReference; lastKnownFileType = sourcecode.swift; path = DMViewModel.swift; sourceTree = "<group>"; };
		22E69D292701E0E8009CAAC0 /* ProfileViewController.swift */ = {isa = PBXFileReference; lastKnownFileType = sourcecode.swift; path = ProfileViewController.swift; sourceTree = "<group>"; };
		22E69D2B2701E0EF009CAAC0 /* ProfileViewModel.swift */ = {isa = PBXFileReference; lastKnownFileType = sourcecode.swift; path = ProfileViewModel.swift; sourceTree = "<group>"; };
		22E69D322701E2C1009CAAC0 /* ConversationCell.swift */ = {isa = PBXFileReference; lastKnownFileType = sourcecode.swift; path = ConversationCell.swift; sourceTree = "<group>"; };
		22E69D342701E2D8009CAAC0 /* ConversationCellViewModel.swift */ = {isa = PBXFileReference; lastKnownFileType = sourcecode.swift; path = ConversationCellViewModel.swift; sourceTree = "<group>"; };
		22FEEA2227275BF4003C8B62 /* NewConversationView.swift */ = {isa = PBXFileReference; lastKnownFileType = sourcecode.swift; path = NewConversationView.swift; sourceTree = "<group>"; };
		22FEEA2427284AFF003C8B62 /* String+containsLetters.swift */ = {isa = PBXFileReference; lastKnownFileType = sourcecode.swift; path = "String+containsLetters.swift"; sourceTree = "<group>"; };
		22FEEA29272995DC003C8B62 /* FirestoreError.swift */ = {isa = PBXFileReference; lastKnownFileType = sourcecode.swift; path = FirestoreError.swift; sourceTree = "<group>"; };
		22FEEA2D2729C089003C8B62 /* DMRepository.swift */ = {isa = PBXFileReference; lastKnownFileType = sourcecode.swift; path = DMRepository.swift; sourceTree = "<group>"; };
		22FEEA302729CBF0003C8B62 /* TitleViewWithImage.swift */ = {isa = PBXFileReference; lastKnownFileType = sourcecode.swift; path = TitleViewWithImage.swift; sourceTree = "<group>"; };
		22FEEA41272AEFB9003C8B62 /* MessageCell.swift */ = {isa = PBXFileReference; lastKnownFileType = sourcecode.swift; path = MessageCell.swift; sourceTree = "<group>"; };
		22FEEA45272B4F2C003C8B62 /* OperationFileManager.swift */ = {isa = PBXFileReference; lastKnownFileType = sourcecode.swift; path = OperationFileManager.swift; sourceTree = "<group>"; };
		22FEEA47272B5354003C8B62 /* CodingError.swift */ = {isa = PBXFileReference; lastKnownFileType = sourcecode.swift; path = CodingError.swift; sourceTree = "<group>"; };
		22FEEA4A272B551C003C8B62 /* ProfileRepository.swift */ = {isa = PBXFileReference; lastKnownFileType = sourcecode.swift; path = ProfileRepository.swift; sourceTree = "<group>"; };
		22FEEA4D272B5782003C8B62 /* User.swift */ = {isa = PBXFileReference; lastKnownFileType = sourcecode.swift; path = User.swift; sourceTree = "<group>"; };
		22FFB21627149A7E001884BA /* Theme.swift */ = {isa = PBXFileReference; lastKnownFileType = sourcecode.swift; path = Theme.swift; sourceTree = "<group>"; };
		22FFB21827149A97001884BA /* ThemesViewController.swift */ = {isa = PBXFileReference; lastKnownFileType = sourcecode.swift; path = ThemesViewController.swift; sourceTree = "<group>"; };
		22FFB21A27149AA6001884BA /* ThemesViewModel.swift */ = {isa = PBXFileReference; lastKnownFileType = sourcecode.swift; path = ThemesViewModel.swift; sourceTree = "<group>"; };
		22FFB21E2714BE9E001884BA /* ThemesView.swift */ = {isa = PBXFileReference; lastKnownFileType = sourcecode.swift; path = ThemesView.swift; sourceTree = "<group>"; };
		22FFB22327160BEA001884BA /* UIColor+contrastingColor.swift */ = {isa = PBXFileReference; lastKnownFileType = sourcecode.swift; path = "UIColor+contrastingColor.swift"; sourceTree = "<group>"; };
		22FFB22527160E76001884BA /* UIColor+isLight.swift */ = {isa = PBXFileReference; lastKnownFileType = sourcecode.swift; path = "UIColor+isLight.swift"; sourceTree = "<group>"; };
		22FFB22727162245001884BA /* StoredProperty.swift */ = {isa = PBXFileReference; lastKnownFileType = sourcecode.swift; path = StoredProperty.swift; sourceTree = "<group>"; };
		22FFB2292716550B001884BA /* UIColor+makeColorLigherDarker.swift */ = {isa = PBXFileReference; lastKnownFileType = sourcecode.swift; path = "UIColor+makeColorLigherDarker.swift"; sourceTree = "<group>"; };
		22FFB22C27165C47001884BA /* ThemeSettings.swift */ = {isa = PBXFileReference; lastKnownFileType = sourcecode.swift; path = ThemeSettings.swift; sourceTree = "<group>"; };
		22FFB22E2716845D001884BA /* ThemeManager.swift */ = {isa = PBXFileReference; lastKnownFileType = sourcecode.swift; path = ThemeManager.swift; sourceTree = "<group>"; };
		22FFB2322716963E001884BA /* ChatApp-Bridging-Header.h */ = {isa = PBXFileReference; lastKnownFileType = sourcecode.c.h; path = "ChatApp-Bridging-Header.h"; sourceTree = "<group>"; };
		22FFB2332716963F001884BA /* ThemesViewControllerObjc.h */ = {isa = PBXFileReference; lastKnownFileType = sourcecode.c.h; path = ThemesViewControllerObjc.h; sourceTree = "<group>"; };
		22FFB2342716963F001884BA /* ThemesViewControllerObjc.m */ = {isa = PBXFileReference; lastKnownFileType = sourcecode.c.objc; path = ThemesViewControllerObjc.m; sourceTree = "<group>"; };
		22FFB2392716AE4B001884BA /* ThemeObjcModel.h */ = {isa = PBXFileReference; lastKnownFileType = sourcecode.c.h; path = ThemeObjcModel.h; sourceTree = "<group>"; };
		22FFB23A2716AE4B001884BA /* ThemeObjcModel.m */ = {isa = PBXFileReference; lastKnownFileType = sourcecode.c.objc; path = ThemeObjcModel.m; sourceTree = "<group>"; };
		22FFB23C2716C0C4001884BA /* ThemesViewControllerObjc.storyboard */ = {isa = PBXFileReference; lastKnownFileType = file.storyboard; path = ThemesViewControllerObjc.storyboard; sourceTree = "<group>"; };
		444A44EF379D39E27847B025 /* Pods-ChatApp.debug.xcconfig */ = {isa = PBXFileReference; includeInIndex = 1; lastKnownFileType = text.xcconfig; name = "Pods-ChatApp.debug.xcconfig"; path = "Target Support Files/Pods-ChatApp/Pods-ChatApp.debug.xcconfig"; sourceTree = "<group>"; };
		FF7F6A44DD7E6D65C0DF1039 /* Pods-ChatApp.release.xcconfig */ = {isa = PBXFileReference; includeInIndex = 1; lastKnownFileType = text.xcconfig; name = "Pods-ChatApp.release.xcconfig"; path = "Target Support Files/Pods-ChatApp/Pods-ChatApp.release.xcconfig"; sourceTree = "<group>"; };
/* End PBXFileReference section */

/* Begin PBXFrameworksBuildPhase section */
		22CC53B226FAC8220036F6F9 /* Frameworks */ = {
			isa = PBXFrameworksBuildPhase;
			buildActionMask = 2147483647;
			files = (
				6AB9E66E2FE3AEB3F44AE343 /* Pods_ChatApp.framework in Frameworks */,
			);
			runOnlyForDeploymentPostprocessing = 0;
		};
/* End PBXFrameworksBuildPhase section */

/* Begin PBXGroup section */
		11166FCCAB2A52BD6D7F2C75 /* Frameworks */ = {
			isa = PBXGroup;
			children = (
				02B3F92A3AD20A17B61C1BF3 /* Pods_ChatApp.framework */,
			);
			name = Frameworks;
			sourceTree = "<group>";
		};
		22029435273B46550032B9D1 /* CustomTypes */ = {
			isa = PBXGroup;
			children = (
				22029433273B461C0032B9D1 /* DataSourceChange.swift */,
				22FEEA2827298F83003C8B62 /* Dynamic */,
			);
			path = CustomTypes;
			sourceTree = "<group>";
		};
		221729E6270D93C20022D174 /* MessageCell */ = {
			isa = PBXGroup;
			children = (
				221729F0270D94130022D174 /* View */,
				221729EF270D94080022D174 /* ViewModel */,
			);
			path = MessageCell;
			sourceTree = "<group>";
		};
		221729EF270D94080022D174 /* ViewModel */ = {
			isa = PBXGroup;
			children = (
				221729ED270D94040022D174 /* MessageViewModel.swift */,
			);
			path = ViewModel;
			sourceTree = "<group>";
		};
		221729F0270D94130022D174 /* View */ = {
			isa = PBXGroup;
			children = (
				22FEEA41272AEFB9003C8B62 /* MessageCell.swift */,
			);
			path = View;
			sourceTree = "<group>";
		};
		2218B89D273DC23100731C56 /* Assembly */ = {
			isa = PBXGroup;
			children = (
				2218B89B273DC00500731C56 /* DIContainer.swift */,
				2218B8A4273EF8DE00731C56 /* AppAssembler.swift */,
				2218B8A6273EF96300731C56 /* CoreAssembler.swift */,
				2218B8B0273F416200731C56 /* ModulesAssemblers */,
			);
			path = Assembly;
			sourceTree = "<group>";
		};
		2218B8B0273F416200731C56 /* ModulesAssemblers */ = {
			isa = PBXGroup;
			children = (
				2218B8A0273DCE4000731C56 /* ConversationsModuleAssembler.swift */,
				2218B8AA273F0B3900731C56 /* DMModuleAssembler.swift */,
				2218B8AC273F3A8900731C56 /* ProfileModuleAssembler.swift */,
				2218B8AE273F3FAF00731C56 /* ThemesModuleAssembler.swift */,
			);
			path = ModulesAssemblers;
			sourceTree = "<group>";
		};
		222A55B4270C06C50047CA24 /* Model */ = {
			isa = PBXGroup;
			children = (
				227E18062730D0A7004D5529 /* DBModel */,
				222A55B2270C06C10047CA24 /* Conversation.swift */,
				22029438273B5DC00032B9D1 /* Conversation+Codable.swift */,
			);
			path = Model;
			sourceTree = "<group>";
		};
		225D00F927323C6800C12BB4 /* Helpers */ = {
			isa = PBXGroup;
			children = (
				225D00FA27323C7E00C12BB4 /* CSModelUpdateLog.swift */,
			);
			path = Helpers;
			sourceTree = "<group>";
		};
		225D00FC273247F500C12BB4 /* Recovered References */ = {
			isa = PBXGroup;
			children = (
			);
			name = "Recovered References";
			sourceTree = "<group>";
		};
		225D00FE27324B1F00C12BB4 /* CoreData */ = {
			isa = PBXGroup;
			children = (
				225D010027324B1F00C12BB4 /* ChatAppDataModel.xcdatamodeld */,
				225D010827324B1F00C12BB4 /* CoreDataStack.swift */,
				225D010227324B1F00C12BB4 /* CoreDataOperatable */,
				225D00FF27324B1F00C12BB4 /* CoreDataManager.swift */,
				225D010927324B1F00C12BB4 /* CDWorker.swift */,
			);
			path = CoreData;
			sourceTree = "<group>";
		};
		225D010227324B1F00C12BB4 /* CoreDataOperatable */ = {
			isa = PBXGroup;
			children = (
				225D010727324B1F00C12BB4 /* CDOperatableBase.swift */,
				225D010527324B1F00C12BB4 /* CDFetchable.swift */,
				225D010327324B1F00C12BB4 /* CDInsertable.swift */,
				225D010627324B1F00C12BB4 /* CDUpdatable.swift */,
				225D010427324B1F00C12BB4 /* CDRemovable.swift */,
			);
			path = CoreDataOperatable;
			sourceTree = "<group>";
		};
		225D011327324BF600C12BB4 /* DBModel */ = {
			isa = PBXGroup;
			children = (
				225D011527324BF600C12BB4 /* DBMessage+CoreDataClass.swift */,
				225D011427324BF600C12BB4 /* DBMessage+CoreDataProperties.swift */,
			);
			path = DBModel;
			sourceTree = "<group>";
		};
		225D6182271A8D6300A5D678 /* PersistentData */ = {
			isa = PBXGroup;
			children = (
				225D00FE27324B1F00C12BB4 /* CoreData */,
				22765EAD272C6C4800AD0F15 /* DataOperationsProtocols */,
				22C71C14271EFC72005C4466 /* FileManager */,
			);
			path = PersistentData;
			sourceTree = "<group>";
		};
		22765EA7272C67B900AD0F15 /* FileManagerOperatable */ = {
			isa = PBXGroup;
			children = (
				22765EA5272C66D700AD0F15 /* FMOperatableBase.swift */,
				22765EB6272C732C00AD0F15 /* FMStringOperatable.swift */,
				22765EB8272C737400AD0F15 /* FMImageOperatable.swift */,
				22765EBA272C769900AD0F15 /* FMModelOperatable.swift */,
				22765EBC272C787B00AD0F15 /* FMRemoveSupportable.swift */,
			);
			path = FileManagerOperatable;
			sourceTree = "<group>";
		};
		22765EAA272C697C00AD0F15 /* Helpers */ = {
			isa = PBXGroup;
			children = (
				22765EA8272C695100AD0F15 /* FileExtensions.swift */,
				22765EAB272C6A5500AD0F15 /* FileManagerPreferences.swift */,
			);
			path = Helpers;
			sourceTree = "<group>";
		};
		22765EAD272C6C4800AD0F15 /* DataOperationsProtocols */ = {
			isa = PBXGroup;
			children = (
				22C71C19271F047E005C4466 /* DataSaveable.swift */,
				22765EAE272C6C6F00AD0F15 /* DataFetchable.swift */,
				22765EB0272C6D6100AD0F15 /* DataRemovable.swift */,
				22765EB2272C6EC800AD0F15 /* FromDataConvertable.swift */,
				22765EB4272C6F4200AD0F15 /* ToDataConvertable.swift */,
			);
			path = DataOperationsProtocols;
			sourceTree = "<group>";
		};
		22765EBE272DF3DC00AD0F15 /* Networking */ = {
			isa = PBXGroup;
			children = (
				22765ECF2730807300AD0F15 /* CloudStore */,
			);
			path = Networking;
			sourceTree = "<group>";
		};
		22765EBF272DF40B00AD0F15 /* Firestore */ = {
			isa = PBXGroup;
			children = (
				22765ECD27306B8400AD0F15 /* FirestoreManager.swift */,
			);
			path = Firestore;
			sourceTree = "<group>";
		};
		22765ECF2730807300AD0F15 /* CloudStore */ = {
			isa = PBXGroup;
			children = (
				225D00F927323C6800C12BB4 /* Helpers */,
				22765ED8273082FE00AD0F15 /* DynamicModelBasedCloudStore.swift */,
				22765ED02730809500AD0F15 /* CloudStoreSubscribable.swift */,
				22765ED6273080FE00AD0F15 /* CloudStoreUpdatable.swift */,
				22765ED2273080C900AD0F15 /* CloudStoreAddable.swift */,
				22765ED4273080DC00AD0F15 /* CloudStoreRemovable.swift */,
				22765EBF272DF40B00AD0F15 /* Firestore */,
			);
			path = CloudStore;
			sourceTree = "<group>";
		};
		227E18062730D0A7004D5529 /* DBModel */ = {
			isa = PBXGroup;
			children = (
				227E18072730D0BF004D5529 /* DBChannel+CoreDataClass.swift */,
				227E18082730D0BF004D5529 /* DBChannel+CoreDataProperties.swift */,
			);
			path = DBModel;
			sourceTree = "<group>";
		};
		2286F4DD270EF27A00ED809E /* Model */ = {
			isa = PBXGroup;
			children = (
				225D011327324BF600C12BB4 /* DBModel */,
				2286F4DB270EF27700ED809E /* Message.swift */,
				22029436273B5D330032B9D1 /* Message+Codable.swift */,
			);
			path = Model;
			sourceTree = "<group>";
		};
		22B50F7826FB0E610099436A /* Debug */ = {
			isa = PBXGroup;
			children = (
				22B50F7626FB01810099436A /* Log.swift */,
				227E180B2730D306004D5529 /* CoreDataError.swift */,
				22FEEA29272995DC003C8B62 /* FirestoreError.swift */,
				22FEEA47272B5354003C8B62 /* CodingError.swift */,
			);
			path = Debug;
			sourceTree = "<group>";
		};
		22B50F7926FB0E760099436A /* Application */ = {
			isa = PBXGroup;
			children = (
				2218B89D273DC23100731C56 /* Assembly */,
				22CC53B826FAC8220036F6F9 /* AppDelegate.swift */,
				22CC53BA26FAC8220036F6F9 /* SceneDelegate.swift */,
				2247F96E2712A4F800BFFC69 /* R.generated.swift */,
				22210D8227245C77005ED4B6 /* Constants.swift */,
				22CC53C326FAC8260036F6F9 /* LaunchScreen.storyboard */,
				22FFB2322716963E001884BA /* ChatApp-Bridging-Header.h */,
				22CC53C626FAC8260036F6F9 /* Info.plist */,
				22C71C2A2721D04C005C4466 /* GoogleService-Info.plist */,
			);
			path = Application;
			sourceTree = "<group>";
		};
		22B50F7A26FB0E860099436A /* Resources */ = {
			isa = PBXGroup;
			children = (
				22CC53C126FAC8260036F6F9 /* Assets.xcassets */,
			);
			path = Resources;
			sourceTree = "<group>";
		};
		22C44A3B2726F95A003D106C /* UIColor */ = {
			isa = PBXGroup;
			children = (
				22FFB22327160BEA001884BA /* UIColor+contrastingColor.swift */,
				22FFB22527160E76001884BA /* UIColor+isLight.swift */,
				22FFB2292716550B001884BA /* UIColor+makeColorLigherDarker.swift */,
			);
			path = UIColor;
			sourceTree = "<group>";
		};
		22C44A3C2726FF24003D106C /* Repository */ = {
			isa = PBXGroup;
			children = (
				22C44A3D2726FF4D003D106C /* ConversationsRepository.swift */,
			);
			path = Repository;
			sourceTree = "<group>";
		};
		22C71C14271EFC72005C4466 /* FileManager */ = {
			isa = PBXGroup;
			children = (
				22765EA7272C67B900AD0F15 /* FileManagerOperatable */,
				22765EAA272C697C00AD0F15 /* Helpers */,
				225D6183271A8D9A00A5D678 /* FileManagerProtocols.swift */,
				22C71C12271EEEDA005C4466 /* AsyncFileManagerProtocols.swift */,
				225D6189271D850F00A5D678 /* GCDFileManager.swift */,
				22FEEA45272B4F2C003C8B62 /* OperationFileManager.swift */,
				225D618B271D8B4500A5D678 /* FileReadOperation.swift */,
				225D618D271D8F2700A5D678 /* FileWriteOperation.swift */,
			);
			path = FileManager;
			sourceTree = "<group>";
		};
		22C71C16271EFC91005C4466 /* AsyncOperation */ = {
			isa = PBXGroup;
			children = (
				225D6185271D66B500A5D678 /* AsyncOperation.swift */,
				22C71C10271EE8C8005C4466 /* AsyncResultOperation.swift */,
			);
			path = AsyncOperation;
			sourceTree = "<group>";
		};
		22C71C2527219BE9005C4466 /* InAppNotification */ = {
			isa = PBXGroup;
			children = (
				22C71C2127209219005C4466 /* InAppNotificationBanner.swift */,
				22C44A302726BE2E003D106C /* InAppNotificationView.swift */,
				22C71C2627219C02005C4466 /* InAppNotificationViewModel.swift */,
			);
			path = InAppNotification;
			sourceTree = "<group>";
		};
		22CC53AC26FAC8220036F6F9 = {
			isa = PBXGroup;
			children = (
				22CC53B726FAC8220036F6F9 /* ChatApp */,
				22CC53B626FAC8220036F6F9 /* Products */,
				D7A6C4DCD4ACFC2AE5C4C0B4 /* Pods */,
				11166FCCAB2A52BD6D7F2C75 /* Frameworks */,
				225D00FC273247F500C12BB4 /* Recovered References */,
			);
			sourceTree = "<group>";
		};
		22CC53B626FAC8220036F6F9 /* Products */ = {
			isa = PBXGroup;
			children = (
				22CC53B526FAC8220036F6F9 /* ChatApp.app */,
			);
			name = Products;
			sourceTree = "<group>";
		};
		22CC53B726FAC8220036F6F9 /* ChatApp */ = {
			isa = PBXGroup;
			children = (
				22E69D1C2701DA91009CAAC0 /* ConversationsModule */,
				22E69D212701E07F009CAAC0 /* DMModule */,
				22FFB21227149A4A001884BA /* ThemesModule */,
				22E69D282701E0D3009CAAC0 /* ProfileModule */,
				22B50F7926FB0E760099436A /* Application */,
				22D104C2270529AE006CF686 /* Utility */,
				22765EBE272DF3DC00AD0F15 /* Networking */,
				225D6182271A8D6300A5D678 /* PersistentData */,
				22E69D192701D9AA009CAAC0 /* Flow */,
				22D104B52704D4F0006CF686 /* Components */,
				22D104BA2704DCA9006CF686 /* Extensions */,
				22B50F7A26FB0E860099436A /* Resources */,
				22B50F7826FB0E610099436A /* Debug */,
			);
			path = ChatApp;
			sourceTree = "<group>";
		};
		22D104B52704D4F0006CF686 /* Components */ = {
			isa = PBXGroup;
			children = (
				22FEEA302729CBF0003C8B62 /* TitleViewWithImage.swift */,
				22D104B62704D55E006CF686 /* BlurredView.swift */,
				22C71C2527219BE9005C4466 /* InAppNotification */,
			);
			path = Components;
			sourceTree = "<group>";
		};
		22D104BA2704DCA9006CF686 /* Extensions */ = {
			isa = PBXGroup;
			children = (
				22C44A3B2726F95A003D106C /* UIColor */,
				222A55B5270C0FA90047CA24 /* Date+Formatting.swift */,
				22D104BC2704DCDA006CF686 /* UIImageView+Placeholders.swift */,
				227E17E72730AFAD004D5529 /* DateFormatter+shared.swift */,
				2286F4E6270F7FFA00ED809E /* UIImage+Resize.swift */,
				2286F4E8270F842800ED809E /* UITableView+ScrollToBottom.swift */,
				22210D84272485AA005ED4B6 /* UIButton+setBackgroundForState.swift */,
				22FEEA2427284AFF003C8B62 /* String+containsLetters.swift */,
				225D01252739B29A00C12BB4 /* NSManagedObjectContext+obtainPermanentIDs.swift */,
			);
			path = Extensions;
			sourceTree = "<group>";
		};
		22D104C2270529AE006CF686 /* Utility */ = {
			isa = PBXGroup;
			children = (
				22029435273B46550032B9D1 /* CustomTypes */,
				22FFB22E2716845D001884BA /* ThemeManager.swift */,
				22D104C3270529D1006CF686 /* ImagePickerManager.swift */,
				2286F4E2270F064600ED809E /* Protocols.swift */,
				22FFB22727162245001884BA /* StoredProperty.swift */,
				22C71C16271EFC91005C4466 /* AsyncOperation */,
			);
			path = Utility;
			sourceTree = "<group>";
		};
		22E69D192701D9AA009CAAC0 /* Flow */ = {
			isa = PBXGroup;
			children = (
				22E69D172701D9A4009CAAC0 /* Router.swift */,
			);
			path = Flow;
			sourceTree = "<group>";
		};
		22E69D1C2701DA91009CAAC0 /* ConversationsModule */ = {
			isa = PBXGroup;
			children = (
				22E69D2F2701E285009CAAC0 /* ConversationCell */,
				222A55B4270C06C50047CA24 /* Model */,
				22E69D1D2701DAA6009CAAC0 /* View */,
				22E69D1E2701DAB9009CAAC0 /* ViewModel */,
				22C44A3C2726FF24003D106C /* Repository */,
			);
			path = ConversationsModule;
			sourceTree = "<group>";
		};
		22E69D1D2701DAA6009CAAC0 /* View */ = {
			isa = PBXGroup;
			children = (
				22CC53BC26FAC8220036F6F9 /* ConversationsViewController.swift */,
				22FEEA2227275BF4003C8B62 /* NewConversationView.swift */,
			);
			path = View;
			sourceTree = "<group>";
		};
		22E69D1E2701DAB9009CAAC0 /* ViewModel */ = {
			isa = PBXGroup;
			children = (
				22E69D1F2701DACA009CAAC0 /* ConversationsViewModel.swift */,
				225D011D2737F8B600C12BB4 /* ConversationsProvider.swift */,
			);
			path = ViewModel;
			sourceTree = "<group>";
		};
		22E69D212701E07F009CAAC0 /* DMModule */ = {
			isa = PBXGroup;
			children = (
				221729E6270D93C20022D174 /* MessageCell */,
				2286F4DD270EF27A00ED809E /* Model */,
				22E69D262701E0BB009CAAC0 /* View */,
				22E69D272701E0C4009CAAC0 /* ViewModel */,
				22FEEA2F2729C08E003C8B62 /* Repository */,
			);
			path = DMModule;
			sourceTree = "<group>";
		};
		22E69D262701E0BB009CAAC0 /* View */ = {
			isa = PBXGroup;
			children = (
				22E69D222701E0AD009CAAC0 /* DMViewController.swift */,
			);
			path = View;
			sourceTree = "<group>";
		};
		22E69D272701E0C4009CAAC0 /* ViewModel */ = {
			isa = PBXGroup;
			children = (
				22E69D242701E0B7009CAAC0 /* DMViewModel.swift */,
				220294312739C1FE0032B9D1 /* MessagesProvider.swift */,
			);
			path = ViewModel;
			sourceTree = "<group>";
		};
		22E69D282701E0D3009CAAC0 /* ProfileModule */ = {
			isa = PBXGroup;
			children = (
				22FEEA4C272B5778003C8B62 /* Model */,
				22E69D2D2701E0F6009CAAC0 /* View */,
				22E69D2E2701E101009CAAC0 /* ViewModel */,
				22FEEA49272B5502003C8B62 /* Repository */,
			);
			path = ProfileModule;
			sourceTree = "<group>";
		};
		22E69D2D2701E0F6009CAAC0 /* View */ = {
			isa = PBXGroup;
			children = (
				22E69D292701E0E8009CAAC0 /* ProfileViewController.swift */,
				22D104B12704A12C006CF686 /* ProfileView.swift */,
			);
			path = View;
			sourceTree = "<group>";
		};
		22E69D2E2701E101009CAAC0 /* ViewModel */ = {
			isa = PBXGroup;
			children = (
				22E69D2B2701E0EF009CAAC0 /* ProfileViewModel.swift */,
			);
			path = ViewModel;
			sourceTree = "<group>";
		};
		22E69D2F2701E285009CAAC0 /* ConversationCell */ = {
			isa = PBXGroup;
			children = (
				22E69D302701E28C009CAAC0 /* View */,
				22E69D312701E29A009CAAC0 /* ViewModel */,
			);
			path = ConversationCell;
			sourceTree = "<group>";
		};
		22E69D302701E28C009CAAC0 /* View */ = {
			isa = PBXGroup;
			children = (
				22E69D322701E2C1009CAAC0 /* ConversationCell.swift */,
			);
			path = View;
			sourceTree = "<group>";
		};
		22E69D312701E29A009CAAC0 /* ViewModel */ = {
			isa = PBXGroup;
			children = (
				22E69D342701E2D8009CAAC0 /* ConversationCellViewModel.swift */,
			);
			path = ViewModel;
			sourceTree = "<group>";
		};
		22FEEA2827298F83003C8B62 /* Dynamic */ = {
			isa = PBXGroup;
			children = (
				22D104C5270535D3006CF686 /* Dynamic.swift */,
				22C71C1F27201763005C4466 /* DynamicPreservable.swift */,
			);
			path = Dynamic;
			sourceTree = "<group>";
		};
		22FEEA2F2729C08E003C8B62 /* Repository */ = {
			isa = PBXGroup;
			children = (
				22FEEA2D2729C089003C8B62 /* DMRepository.swift */,
			);
			path = Repository;
			sourceTree = "<group>";
		};
		22FEEA49272B5502003C8B62 /* Repository */ = {
			isa = PBXGroup;
			children = (
				22FEEA4A272B551C003C8B62 /* ProfileRepository.swift */,
			);
			path = Repository;
			sourceTree = "<group>";
		};
		22FEEA4C272B5778003C8B62 /* Model */ = {
			isa = PBXGroup;
			children = (
				22FEEA4D272B5782003C8B62 /* User.swift */,
			);
			path = Model;
			sourceTree = "<group>";
		};
		22FFB21227149A4A001884BA /* ThemesModule */ = {
			isa = PBXGroup;
			children = (
				22FFB231271695FE001884BA /* Objc */,
				22FFB23027168AA0001884BA /* Model */,
				22FFB21327149A53001884BA /* View */,
				22FFB21427149A58001884BA /* ViewModel */,
			);
			path = ThemesModule;
			sourceTree = "<group>";
		};
		22FFB21327149A53001884BA /* View */ = {
			isa = PBXGroup;
			children = (
				22FFB21827149A97001884BA /* ThemesViewController.swift */,
				22FFB21E2714BE9E001884BA /* ThemesView.swift */,
			);
			path = View;
			sourceTree = "<group>";
		};
		22FFB21427149A58001884BA /* ViewModel */ = {
			isa = PBXGroup;
			children = (
				22FFB21A27149AA6001884BA /* ThemesViewModel.swift */,
			);
			path = ViewModel;
			sourceTree = "<group>";
		};
		22FFB23027168AA0001884BA /* Model */ = {
			isa = PBXGroup;
			children = (
				22FFB21627149A7E001884BA /* Theme.swift */,
				22FFB22C27165C47001884BA /* ThemeSettings.swift */,
			);
			path = Model;
			sourceTree = "<group>";
		};
		22FFB231271695FE001884BA /* Objc */ = {
			isa = PBXGroup;
			children = (
				22FFB2332716963F001884BA /* ThemesViewControllerObjc.h */,
				22FFB2342716963F001884BA /* ThemesViewControllerObjc.m */,
				22FFB2392716AE4B001884BA /* ThemeObjcModel.h */,
				22FFB23A2716AE4B001884BA /* ThemeObjcModel.m */,
				22FFB23C2716C0C4001884BA /* ThemesViewControllerObjc.storyboard */,
			);
			path = Objc;
			sourceTree = "<group>";
		};
		D7A6C4DCD4ACFC2AE5C4C0B4 /* Pods */ = {
			isa = PBXGroup;
			children = (
				444A44EF379D39E27847B025 /* Pods-ChatApp.debug.xcconfig */,
				FF7F6A44DD7E6D65C0DF1039 /* Pods-ChatApp.release.xcconfig */,
			);
			path = Pods;
			sourceTree = "<group>";
		};
/* End PBXGroup section */

/* Begin PBXNativeTarget section */
		22CC53B426FAC8220036F6F9 /* ChatApp */ = {
			isa = PBXNativeTarget;
			buildConfigurationList = 22CC53C926FAC8260036F6F9 /* Build configuration list for PBXNativeTarget "ChatApp" */;
			buildPhases = (
				B78E01CD067649600D633C1F /* [CP] Check Pods Manifest.lock */,
				2247F96B2712A09000BFFC69 /* ShellScript */,
				22CC53B126FAC8220036F6F9 /* Sources */,
				22CC53B226FAC8220036F6F9 /* Frameworks */,
				22CC53B326FAC8220036F6F9 /* Resources */,
				6E558C8F65078DE61C848524 /* [CP] Embed Pods Frameworks */,
			);
			buildRules = (
			);
			dependencies = (
			);
			name = ChatApp;
			productName = ChatApp;
			productReference = 22CC53B526FAC8220036F6F9 /* ChatApp.app */;
			productType = "com.apple.product-type.application";
		};
/* End PBXNativeTarget section */

/* Begin PBXProject section */
		22CC53AD26FAC8220036F6F9 /* Project object */ = {
			isa = PBXProject;
			attributes = {
				BuildIndependentTargetsInParallel = 1;
				LastSwiftUpdateCheck = 1300;
				LastUpgradeCheck = 1300;
				TargetAttributes = {
					22CC53B426FAC8220036F6F9 = {
						CreatedOnToolsVersion = 13.0;
						LastSwiftMigration = 1300;
					};
				};
			};
			buildConfigurationList = 22CC53B026FAC8220036F6F9 /* Build configuration list for PBXProject "ChatApp" */;
			compatibilityVersion = "Xcode 13.0";
			developmentRegion = en;
			hasScannedForEncodings = 0;
			knownRegions = (
				en,
				Base,
			);
			mainGroup = 22CC53AC26FAC8220036F6F9;
			productRefGroup = 22CC53B626FAC8220036F6F9 /* Products */;
			projectDirPath = "";
			projectRoot = "";
			targets = (
				22CC53B426FAC8220036F6F9 /* ChatApp */,
			);
		};
/* End PBXProject section */

/* Begin PBXResourcesBuildPhase section */
		22CC53B326FAC8220036F6F9 /* Resources */ = {
			isa = PBXResourcesBuildPhase;
			buildActionMask = 2147483647;
			files = (
				22CC53C526FAC8260036F6F9 /* LaunchScreen.storyboard in Resources */,
				22C71C2B2721D04C005C4466 /* GoogleService-Info.plist in Resources */,
				22FFB23D2716C0C4001884BA /* ThemesViewControllerObjc.storyboard in Resources */,
				22CC53C226FAC8260036F6F9 /* Assets.xcassets in Resources */,
			);
			runOnlyForDeploymentPostprocessing = 0;
		};
/* End PBXResourcesBuildPhase section */

/* Begin PBXShellScriptBuildPhase section */
		2247F96B2712A09000BFFC69 /* ShellScript */ = {
			isa = PBXShellScriptBuildPhase;
			buildActionMask = 2147483647;
			files = (
			);
			inputFileListPaths = (
			);
			inputPaths = (
				"$TEMP_DIR/rswift-lastrun",
			);
			outputFileListPaths = (
			);
			outputPaths = (
				$SRCROOT/R.generated.swift,
			);
			runOnlyForDeploymentPostprocessing = 0;
			shellPath = /bin/sh;
			shellScript = "\"$PODS_ROOT/R.swift/rswift\" generate \"$SRCROOT/R.generated.swift\"\n\nif which \"${PODS_ROOT}/SwiftLint/swiftlint\" >/dev/null; then\n    ${PODS_ROOT}/SwiftLint/swiftlint\nelse\n    echo \"warning: SwiftLint not installed, download from https://github.com/realm/SwiftLint\"\nfi\n";
		};
		6E558C8F65078DE61C848524 /* [CP] Embed Pods Frameworks */ = {
			isa = PBXShellScriptBuildPhase;
			buildActionMask = 2147483647;
			files = (
			);
			inputFileListPaths = (
				"${PODS_ROOT}/Target Support Files/Pods-ChatApp/Pods-ChatApp-frameworks-${CONFIGURATION}-input-files.xcfilelist",
			);
			name = "[CP] Embed Pods Frameworks";
			outputFileListPaths = (
				"${PODS_ROOT}/Target Support Files/Pods-ChatApp/Pods-ChatApp-frameworks-${CONFIGURATION}-output-files.xcfilelist",
			);
			runOnlyForDeploymentPostprocessing = 0;
			shellPath = /bin/sh;
			shellScript = "\"${PODS_ROOT}/Target Support Files/Pods-ChatApp/Pods-ChatApp-frameworks.sh\"\n";
			showEnvVarsInLog = 0;
		};
		B78E01CD067649600D633C1F /* [CP] Check Pods Manifest.lock */ = {
			isa = PBXShellScriptBuildPhase;
			buildActionMask = 2147483647;
			files = (
			);
			inputFileListPaths = (
			);
			inputPaths = (
				"${PODS_PODFILE_DIR_PATH}/Podfile.lock",
				"${PODS_ROOT}/Manifest.lock",
			);
			name = "[CP] Check Pods Manifest.lock";
			outputFileListPaths = (
			);
			outputPaths = (
				"$(DERIVED_FILE_DIR)/Pods-ChatApp-checkManifestLockResult.txt",
			);
			runOnlyForDeploymentPostprocessing = 0;
			shellPath = /bin/sh;
			shellScript = "diff \"${PODS_PODFILE_DIR_PATH}/Podfile.lock\" \"${PODS_ROOT}/Manifest.lock\" > /dev/null\nif [ $? != 0 ] ; then\n    # print error to STDERR\n    echo \"error: The sandbox is not in sync with the Podfile.lock. Run 'pod install' or update your CocoaPods installation.\" >&2\n    exit 1\nfi\n# This output is used by Xcode 'outputs' to avoid re-running this script phase.\necho \"SUCCESS\" > \"${SCRIPT_OUTPUT_FILE_0}\"\n";
			showEnvVarsInLog = 0;
		};
/* End PBXShellScriptBuildPhase section */

/* Begin PBXSourcesBuildPhase section */
		22CC53B126FAC8220036F6F9 /* Sources */ = {
			isa = PBXSourcesBuildPhase;
			buildActionMask = 2147483647;
			files = (
				225D011727324BF600C12BB4 /* DBMessage+CoreDataClass.swift in Sources */,
				22CC53BD26FAC8220036F6F9 /* ConversationsViewController.swift in Sources */,
				22765EB1272C6D6100AD0F15 /* DataRemovable.swift in Sources */,
				22FFB22F2716845D001884BA /* ThemeManager.swift in Sources */,
				22C71C1A271F047E005C4466 /* DataSaveable.swift in Sources */,
				225D6186271D66B500A5D678 /* AsyncOperation.swift in Sources */,
				225D010D27324B2000C12BB4 /* CDRemovable.swift in Sources */,
				22765EB9272C737400AD0F15 /* FMImageOperatable.swift in Sources */,
				22C71C222720921A005C4466 /* InAppNotificationBanner.swift in Sources */,
				22D104C6270535D3006CF686 /* Dynamic.swift in Sources */,
				22210D8327245C77005ED4B6 /* Constants.swift in Sources */,
				22FFB22427160BEA001884BA /* UIColor+contrastingColor.swift in Sources */,
				222A55B3270C06C10047CA24 /* Conversation.swift in Sources */,
				22FEEA42272AEFB9003C8B62 /* MessageCell.swift in Sources */,
				22E69D232701E0AD009CAAC0 /* DMViewController.swift in Sources */,
				22765EA6272C66D700AD0F15 /* FMOperatableBase.swift in Sources */,
				22E69D2A2701E0E8009CAAC0 /* ProfileViewController.swift in Sources */,
				22FEEA2327275BF4003C8B62 /* NewConversationView.swift in Sources */,
				22765EAC272C6A5500AD0F15 /* FileManagerPreferences.swift in Sources */,
				22E69D202701DACA009CAAC0 /* ConversationsViewModel.swift in Sources */,
				22FFB22A2716550B001884BA /* UIColor+makeColorLigherDarker.swift in Sources */,
				22FEEA4E272B5782003C8B62 /* User.swift in Sources */,
				2218B89C273DC00500731C56 /* DIContainer.swift in Sources */,
				22765EBD272C787B00AD0F15 /* FMRemoveSupportable.swift in Sources */,
				22765EAF272C6C6F00AD0F15 /* DataFetchable.swift in Sources */,
				22C71C11271EE8C8005C4466 /* AsyncResultOperation.swift in Sources */,
				22D104BD2704DCDA006CF686 /* UIImageView+Placeholders.swift in Sources */,
				22FEEA4B272B551C003C8B62 /* ProfileRepository.swift in Sources */,
				222A55B6270C0FA90047CA24 /* Date+Formatting.swift in Sources */,
				225D011127324B2000C12BB4 /* CoreDataStack.swift in Sources */,
				22FFB2352716963F001884BA /* ThemesViewControllerObjc.m in Sources */,
				22FEEA46272B4F2C003C8B62 /* OperationFileManager.swift in Sources */,
				22CC53B926FAC8220036F6F9 /* AppDelegate.swift in Sources */,
				225D6184271A8D9A00A5D678 /* FileManagerProtocols.swift in Sources */,
				22E69D332701E2C1009CAAC0 /* ConversationCell.swift in Sources */,
				225D011627324BF600C12BB4 /* DBMessage+CoreDataProperties.swift in Sources */,
				22FFB21927149A97001884BA /* ThemesViewController.swift in Sources */,
				225D01262739B29B00C12BB4 /* NSManagedObjectContext+obtainPermanentIDs.swift in Sources */,
				225D010C27324B2000C12BB4 /* CDInsertable.swift in Sources */,
				22029434273B461C0032B9D1 /* DataSourceChange.swift in Sources */,
				225D010F27324B2000C12BB4 /* CDUpdatable.swift in Sources */,
				22E69D182701D9A4009CAAC0 /* Router.swift in Sources */,
				22FFB21727149A7F001884BA /* Theme.swift in Sources */,
				2218B8A7273EF96300731C56 /* CoreAssembler.swift in Sources */,
				22765EB7272C732C00AD0F15 /* FMStringOperatable.swift in Sources */,
				225D011027324B2000C12BB4 /* CDOperatableBase.swift in Sources */,
				22D104B22704A12C006CF686 /* ProfileView.swift in Sources */,
				22210D85272485AA005ED4B6 /* UIButton+setBackgroundForState.swift in Sources */,
				22FFB22627160E76001884BA /* UIColor+isLight.swift in Sources */,
				22765ED5273080DC00AD0F15 /* CloudStoreRemovable.swift in Sources */,
				22765EBB272C769900AD0F15 /* FMModelOperatable.swift in Sources */,
				22FEEA2E2729C089003C8B62 /* DMRepository.swift in Sources */,
				22FEEA48272B5354003C8B62 /* CodingError.swift in Sources */,
				22765ED7273080FE00AD0F15 /* CloudStoreUpdatable.swift in Sources */,
				22CC53BB26FAC8220036F6F9 /* SceneDelegate.swift in Sources */,
				225D618A271D850F00A5D678 /* GCDFileManager.swift in Sources */,
				225D010E27324B2000C12BB4 /* CDFetchable.swift in Sources */,
				22C71C2027201763005C4466 /* DynamicPreservable.swift in Sources */,
				22FEEA312729CBF0003C8B62 /* TitleViewWithImage.swift in Sources */,
				227E180C2730D306004D5529 /* CoreDataError.swift in Sources */,
				2218B8A1273DCE4000731C56 /* ConversationsModuleAssembler.swift in Sources */,
				2286F4E3270F064600ED809E /* Protocols.swift in Sources */,
				22765ED9273082FE00AD0F15 /* DynamicModelBasedCloudStore.swift in Sources */,
				2247F96F2712A4F800BFFC69 /* R.generated.swift in Sources */,
				227E180A2730D0BF004D5529 /* DBChannel+CoreDataProperties.swift in Sources */,
				2286F4E7270F7FFA00ED809E /* UIImage+Resize.swift in Sources */,
				225D011E2737F8B600C12BB4 /* ConversationsProvider.swift in Sources */,
				220294322739C1FE0032B9D1 /* MessagesProvider.swift in Sources */,
				22FFB21B27149AA6001884BA /* ThemesViewModel.swift in Sources */,
				22765EB5272C6F4200AD0F15 /* ToDataConvertable.swift in Sources */,
				22FFB22827162245001884BA /* StoredProperty.swift in Sources */,
				22765EB3272C6EC800AD0F15 /* FromDataConvertable.swift in Sources */,
				22765EA9272C695100AD0F15 /* FileExtensions.swift in Sources */,
				221729EE270D94040022D174 /* MessageViewModel.swift in Sources */,
				22C44A3E2726FF4D003D106C /* ConversationsRepository.swift in Sources */,
				225D011A27324E2500C12BB4 /* ChatAppDataModel.xcdatamodeld in Sources */,
				225D00FB27323C7E00C12BB4 /* CSModelUpdateLog.swift in Sources */,
				2218B8AB273F0B3900731C56 /* DMModuleAssembler.swift in Sources */,
				22029439273B5DC00032B9D1 /* Conversation+Codable.swift in Sources */,
				22E69D2C2701E0EF009CAAC0 /* ProfileViewModel.swift in Sources */,
				22FFB21F2714BE9E001884BA /* ThemesView.swift in Sources */,
				227E17E82730AFAD004D5529 /* DateFormatter+shared.swift in Sources */,
				22D104C4270529D1006CF686 /* ImagePickerManager.swift in Sources */,
				22E69D352701E2D8009CAAC0 /* ConversationCellViewModel.swift in Sources */,
				2218B8AD273F3A8900731C56 /* ProfileModuleAssembler.swift in Sources */,
				22FEEA2A272995DC003C8B62 /* FirestoreError.swift in Sources */,
				22C71C13271EEEDA005C4466 /* AsyncFileManagerProtocols.swift in Sources */,
				225D618C271D8B4500A5D678 /* FileReadOperation.swift in Sources */,
				2218B8AF273F3FAF00731C56 /* ThemesModuleAssembler.swift in Sources */,
				2218B8A5273EF8DE00731C56 /* AppAssembler.swift in Sources */,
				22FFB22D27165C47001884BA /* ThemeSettings.swift in Sources */,
				22FFB23B2716AE4B001884BA /* ThemeObjcModel.m in Sources */,
				22C71C2727219C02005C4466 /* InAppNotificationViewModel.swift in Sources */,
				22D104B72704D55E006CF686 /* BlurredView.swift in Sources */,
				22B50F7726FB01810099436A /* Log.swift in Sources */,
				225D010A27324B1F00C12BB4 /* CoreDataManager.swift in Sources */,
				2286F4E9270F842800ED809E /* UITableView+ScrollToBottom.swift in Sources */,
				22C44A312726BE2E003D106C /* InAppNotificationView.swift in Sources */,
				227E18092730D0BF004D5529 /* DBChannel+CoreDataClass.swift in Sources */,
				225D618E271D8F2700A5D678 /* FileWriteOperation.swift in Sources */,
				22029437273B5D330032B9D1 /* Message+Codable.swift in Sources */,
				22FEEA2527284AFF003C8B62 /* String+containsLetters.swift in Sources */,
				225D011227324B2000C12BB4 /* CDWorker.swift in Sources */,
				22765ED12730809500AD0F15 /* CloudStoreSubscribable.swift in Sources */,
				2286F4DC270EF27700ED809E /* Message.swift in Sources */,
				22765ED3273080C900AD0F15 /* CloudStoreAddable.swift in Sources */,
				22E69D252701E0B7009CAAC0 /* DMViewModel.swift in Sources */,
				22765ECE27306B8500AD0F15 /* FirestoreManager.swift in Sources */,
			);
			runOnlyForDeploymentPostprocessing = 0;
		};
/* End PBXSourcesBuildPhase section */

/* Begin PBXVariantGroup section */
		22CC53C326FAC8260036F6F9 /* LaunchScreen.storyboard */ = {
			isa = PBXVariantGroup;
			children = (
				22CC53C426FAC8260036F6F9 /* Base */,
			);
			name = LaunchScreen.storyboard;
			sourceTree = "<group>";
		};
/* End PBXVariantGroup section */

/* Begin XCBuildConfiguration section */
		22CC53C726FAC8260036F6F9 /* Debug */ = {
			isa = XCBuildConfiguration;
			buildSettings = {
				ALWAYS_SEARCH_USER_PATHS = NO;
				CLANG_ANALYZER_NONNULL = YES;
				CLANG_ANALYZER_NUMBER_OBJECT_CONVERSION = YES_AGGRESSIVE;
				CLANG_CXX_LANGUAGE_STANDARD = "gnu++17";
				CLANG_CXX_LIBRARY = "libc++";
				CLANG_ENABLE_MODULES = YES;
				CLANG_ENABLE_OBJC_ARC = NO;
				CLANG_ENABLE_OBJC_WEAK = YES;
				CLANG_WARN_BLOCK_CAPTURE_AUTORELEASING = YES;
				CLANG_WARN_BOOL_CONVERSION = YES;
				CLANG_WARN_COMMA = YES;
				CLANG_WARN_CONSTANT_CONVERSION = YES;
				CLANG_WARN_DEPRECATED_OBJC_IMPLEMENTATIONS = YES;
				CLANG_WARN_DIRECT_OBJC_ISA_USAGE = YES_ERROR;
				CLANG_WARN_DOCUMENTATION_COMMENTS = YES;
				CLANG_WARN_EMPTY_BODY = YES;
				CLANG_WARN_ENUM_CONVERSION = YES;
				CLANG_WARN_INFINITE_RECURSION = YES;
				CLANG_WARN_INT_CONVERSION = YES;
				CLANG_WARN_NON_LITERAL_NULL_CONVERSION = YES;
				CLANG_WARN_OBJC_IMPLICIT_RETAIN_SELF = YES;
				CLANG_WARN_OBJC_LITERAL_CONVERSION = YES;
				CLANG_WARN_OBJC_ROOT_CLASS = YES_ERROR;
				CLANG_WARN_QUOTED_INCLUDE_IN_FRAMEWORK_HEADER = YES;
				CLANG_WARN_RANGE_LOOP_ANALYSIS = YES;
				CLANG_WARN_STRICT_PROTOTYPES = YES;
				CLANG_WARN_SUSPICIOUS_MOVE = YES;
				CLANG_WARN_UNGUARDED_AVAILABILITY = YES_AGGRESSIVE;
				CLANG_WARN_UNREACHABLE_CODE = YES;
				CLANG_WARN__DUPLICATE_METHOD_MATCH = YES;
				COPY_PHASE_STRIP = NO;
				DEBUG_INFORMATION_FORMAT = dwarf;
				ENABLE_STRICT_OBJC_MSGSEND = YES;
				ENABLE_TESTABILITY = YES;
				GCC_C_LANGUAGE_STANDARD = gnu11;
				GCC_DYNAMIC_NO_PIC = NO;
				GCC_NO_COMMON_BLOCKS = YES;
				GCC_OPTIMIZATION_LEVEL = 0;
				GCC_PREPROCESSOR_DEFINITIONS = (
					"DEBUG=1",
					"$(inherited)",
				);
				GCC_WARN_64_TO_32_BIT_CONVERSION = YES;
				GCC_WARN_ABOUT_RETURN_TYPE = YES_ERROR;
				GCC_WARN_UNDECLARED_SELECTOR = YES;
				GCC_WARN_UNINITIALIZED_AUTOS = YES_AGGRESSIVE;
				GCC_WARN_UNUSED_FUNCTION = YES;
				GCC_WARN_UNUSED_VARIABLE = YES;
				IPHONEOS_DEPLOYMENT_TARGET = 12.0;
				MTL_ENABLE_DEBUG_INFO = INCLUDE_SOURCE;
				MTL_FAST_MATH = YES;
				ONLY_ACTIVE_ARCH = YES;
				SDKROOT = iphoneos;
				SWIFT_ACTIVE_COMPILATION_CONDITIONS = DEBUG;
				SWIFT_OPTIMIZATION_LEVEL = "-Onone";
			};
			name = Debug;
		};
		22CC53C826FAC8260036F6F9 /* Release */ = {
			isa = XCBuildConfiguration;
			buildSettings = {
				ALWAYS_SEARCH_USER_PATHS = NO;
				CLANG_ANALYZER_NONNULL = YES;
				CLANG_ANALYZER_NUMBER_OBJECT_CONVERSION = YES_AGGRESSIVE;
				CLANG_CXX_LANGUAGE_STANDARD = "gnu++17";
				CLANG_CXX_LIBRARY = "libc++";
				CLANG_ENABLE_MODULES = YES;
				CLANG_ENABLE_OBJC_ARC = NO;
				CLANG_ENABLE_OBJC_WEAK = YES;
				CLANG_WARN_BLOCK_CAPTURE_AUTORELEASING = YES;
				CLANG_WARN_BOOL_CONVERSION = YES;
				CLANG_WARN_COMMA = YES;
				CLANG_WARN_CONSTANT_CONVERSION = YES;
				CLANG_WARN_DEPRECATED_OBJC_IMPLEMENTATIONS = YES;
				CLANG_WARN_DIRECT_OBJC_ISA_USAGE = YES_ERROR;
				CLANG_WARN_DOCUMENTATION_COMMENTS = YES;
				CLANG_WARN_EMPTY_BODY = YES;
				CLANG_WARN_ENUM_CONVERSION = YES;
				CLANG_WARN_INFINITE_RECURSION = YES;
				CLANG_WARN_INT_CONVERSION = YES;
				CLANG_WARN_NON_LITERAL_NULL_CONVERSION = YES;
				CLANG_WARN_OBJC_IMPLICIT_RETAIN_SELF = YES;
				CLANG_WARN_OBJC_LITERAL_CONVERSION = YES;
				CLANG_WARN_OBJC_ROOT_CLASS = YES_ERROR;
				CLANG_WARN_QUOTED_INCLUDE_IN_FRAMEWORK_HEADER = YES;
				CLANG_WARN_RANGE_LOOP_ANALYSIS = YES;
				CLANG_WARN_STRICT_PROTOTYPES = YES;
				CLANG_WARN_SUSPICIOUS_MOVE = YES;
				CLANG_WARN_UNGUARDED_AVAILABILITY = YES_AGGRESSIVE;
				CLANG_WARN_UNREACHABLE_CODE = YES;
				CLANG_WARN__DUPLICATE_METHOD_MATCH = YES;
				COPY_PHASE_STRIP = NO;
				DEBUG_INFORMATION_FORMAT = "dwarf-with-dsym";
				ENABLE_NS_ASSERTIONS = NO;
				ENABLE_STRICT_OBJC_MSGSEND = YES;
				GCC_C_LANGUAGE_STANDARD = gnu11;
				GCC_NO_COMMON_BLOCKS = YES;
				GCC_WARN_64_TO_32_BIT_CONVERSION = YES;
				GCC_WARN_ABOUT_RETURN_TYPE = YES_ERROR;
				GCC_WARN_UNDECLARED_SELECTOR = YES;
				GCC_WARN_UNINITIALIZED_AUTOS = YES_AGGRESSIVE;
				GCC_WARN_UNUSED_FUNCTION = YES;
				GCC_WARN_UNUSED_VARIABLE = YES;
				IPHONEOS_DEPLOYMENT_TARGET = 12.0;
				MTL_ENABLE_DEBUG_INFO = NO;
				MTL_FAST_MATH = YES;
				SDKROOT = iphoneos;
				SWIFT_COMPILATION_MODE = wholemodule;
				SWIFT_OPTIMIZATION_LEVEL = "-O";
				VALIDATE_PRODUCT = YES;
			};
			name = Release;
		};
		22CC53CA26FAC8260036F6F9 /* Debug */ = {
			isa = XCBuildConfiguration;
			baseConfigurationReference = 444A44EF379D39E27847B025 /* Pods-ChatApp.debug.xcconfig */;
			buildSettings = {
				ASSETCATALOG_COMPILER_APPICON_NAME = AppIcon;
				ASSETCATALOG_COMPILER_GLOBAL_ACCENT_COLOR_NAME = AccentColor;
				CLANG_ENABLE_MODULES = YES;
				CODE_SIGN_STYLE = Automatic;
				CURRENT_PROJECT_VERSION = 1;
				DEVELOPMENT_TEAM = JWKUVZUV6F;
				GENERATE_INFOPLIST_FILE = YES;
				INFOPLIST_FILE = ChatApp/Application/Info.plist;
				INFOPLIST_KEY_CFBundleDisplayName = ChatApp;
				INFOPLIST_KEY_NSCameraUsageDescription = "To allow user pick profile image";
				INFOPLIST_KEY_NSPhotoLibraryUsageDescription = "To allow user pick profile image";
				INFOPLIST_KEY_UIApplicationSupportsIndirectInputEvents = YES;
				INFOPLIST_KEY_UILaunchStoryboardName = LaunchScreen;
				INFOPLIST_KEY_UISupportedInterfaceOrientations = UIInterfaceOrientationPortrait;
				INFOPLIST_KEY_UISupportedInterfaceOrientations_iPad = "UIInterfaceOrientationPortrait UIInterfaceOrientationPortraitUpsideDown UIInterfaceOrientationLandscapeLeft UIInterfaceOrientationLandscapeRight";
				INFOPLIST_KEY_UISupportedInterfaceOrientations_iPhone = "UIInterfaceOrientationPortrait UIInterfaceOrientationLandscapeLeft UIInterfaceOrientationLandscapeRight";
				IPHONEOS_DEPLOYMENT_TARGET = 12.0;
				LD_RUNPATH_SEARCH_PATHS = (
					"$(inherited)",
					"@executable_path/Frameworks",
				);
				MARKETING_VERSION = 1.0;
				PRODUCT_BUNDLE_IDENTIFIER = ru.tinkoff.TinkoffChat;
				PRODUCT_NAME = "$(TARGET_NAME)";
				SWIFT_EMIT_LOC_STRINGS = YES;
				SWIFT_OBJC_BRIDGING_HEADER = "ChatApp/Application/ChatApp-Bridging-Header.h";
				SWIFT_OPTIMIZATION_LEVEL = "-Onone";
				SWIFT_VERSION = 5.0;
				TARGETED_DEVICE_FAMILY = 1;
			};
			name = Debug;
		};
		22CC53CB26FAC8260036F6F9 /* Release */ = {
			isa = XCBuildConfiguration;
			baseConfigurationReference = FF7F6A44DD7E6D65C0DF1039 /* Pods-ChatApp.release.xcconfig */;
			buildSettings = {
				ASSETCATALOG_COMPILER_APPICON_NAME = AppIcon;
				ASSETCATALOG_COMPILER_GLOBAL_ACCENT_COLOR_NAME = AccentColor;
				CLANG_ENABLE_MODULES = YES;
				CODE_SIGN_STYLE = Automatic;
				CURRENT_PROJECT_VERSION = 1;
				DEVELOPMENT_TEAM = JWKUVZUV6F;
				GENERATE_INFOPLIST_FILE = YES;
				INFOPLIST_FILE = ChatApp/Application/Info.plist;
				INFOPLIST_KEY_CFBundleDisplayName = ChatApp;
				INFOPLIST_KEY_NSCameraUsageDescription = "To allow user pick profile image";
				INFOPLIST_KEY_NSPhotoLibraryUsageDescription = "To allow user pick profile image";
				INFOPLIST_KEY_UIApplicationSupportsIndirectInputEvents = YES;
				INFOPLIST_KEY_UILaunchStoryboardName = LaunchScreen;
				INFOPLIST_KEY_UISupportedInterfaceOrientations = UIInterfaceOrientationPortrait;
				INFOPLIST_KEY_UISupportedInterfaceOrientations_iPad = "UIInterfaceOrientationPortrait UIInterfaceOrientationPortraitUpsideDown UIInterfaceOrientationLandscapeLeft UIInterfaceOrientationLandscapeRight";
				INFOPLIST_KEY_UISupportedInterfaceOrientations_iPhone = "UIInterfaceOrientationPortrait UIInterfaceOrientationLandscapeLeft UIInterfaceOrientationLandscapeRight";
				IPHONEOS_DEPLOYMENT_TARGET = 12.0;
				LD_RUNPATH_SEARCH_PATHS = (
					"$(inherited)",
					"@executable_path/Frameworks",
				);
				MARKETING_VERSION = 1.0;
				PRODUCT_BUNDLE_IDENTIFIER = ru.tinkoff.TinkoffChat;
				PRODUCT_NAME = "$(TARGET_NAME)";
				SWIFT_EMIT_LOC_STRINGS = YES;
				SWIFT_OBJC_BRIDGING_HEADER = "ChatApp/Application/ChatApp-Bridging-Header.h";
				SWIFT_VERSION = 5.0;
				TARGETED_DEVICE_FAMILY = 1;
			};
			name = Release;
		};
/* End XCBuildConfiguration section */

/* Begin XCConfigurationList section */
		22CC53B026FAC8220036F6F9 /* Build configuration list for PBXProject "ChatApp" */ = {
			isa = XCConfigurationList;
			buildConfigurations = (
				22CC53C726FAC8260036F6F9 /* Debug */,
				22CC53C826FAC8260036F6F9 /* Release */,
			);
			defaultConfigurationIsVisible = 0;
			defaultConfigurationName = Release;
		};
		22CC53C926FAC8260036F6F9 /* Build configuration list for PBXNativeTarget "ChatApp" */ = {
			isa = XCConfigurationList;
			buildConfigurations = (
				22CC53CA26FAC8260036F6F9 /* Debug */,
				22CC53CB26FAC8260036F6F9 /* Release */,
			);
			defaultConfigurationIsVisible = 0;
			defaultConfigurationName = Release;
		};
/* End XCConfigurationList section */

/* Begin XCVersionGroup section */
		225D010027324B1F00C12BB4 /* ChatAppDataModel.xcdatamodeld */ = {
			isa = XCVersionGroup;
			children = (
				225D010127324B1F00C12BB4 /* ChatAppDataModel.xcdatamodel */,
			);
			currentVersion = 225D010127324B1F00C12BB4 /* ChatAppDataModel.xcdatamodel */;
			path = ChatAppDataModel.xcdatamodeld;
			sourceTree = "<group>";
			versionGroupType = wrapper.xcdatamodel;
		};
/* End XCVersionGroup section */
	};
	rootObject = 22CC53AD26FAC8220036F6F9 /* Project object */;
}
